// !$*UTF8*$!
{
	archiveVersion = 1;
	classes = {
	};
	objectVersion = 46;
	objects = {

/* Begin PBXBuildFile section */
		560340431B794E0D00B6B651 /* PiggyBox.svg in Resources */ = {isa = PBXBuildFile; fileRef = 560340421B794E0D00B6B651 /* PiggyBox.svg */; };
		5603408D1B81B73F00B6B651 /* AboutTableViewController.swift in Sources */ = {isa = PBXBuildFile; fileRef = 5603408B1B7F79E800B6B651 /* AboutTableViewController.swift */; };
		5619B4121A6C6D81005C12CF /* Images.xcassets in Resources */ = {isa = PBXBuildFile; fileRef = 5619B4111A6C6D81005C12CF /* Images.xcassets */; };
		564395061B59AFCF003D071C /* Localizable.stringsdict in Resources */ = {isa = PBXBuildFile; fileRef = 564395081B59AFCF003D071C /* Localizable.stringsdict */; };
		564518471B5A88CB001BF1EA /* CalendarViewController.swift in Sources */ = {isa = PBXBuildFile; fileRef = 564518461B5A88CB001BF1EA /* CalendarViewController.swift */; };
		566732051B358D3F002A1060 /* Localizable.strings in Resources */ = {isa = PBXBuildFile; fileRef = 566732071B358D3F002A1060 /* Localizable.strings */; };
		566732081B358DA9002A1060 /* Main.storyboard in Resources */ = {isa = PBXBuildFile; fileRef = 5667320A1B358DA9002A1060 /* Main.storyboard */; };
		5667320E1B359964002A1060 /* ProgressView.swift in Sources */ = {isa = PBXBuildFile; fileRef = 5667320D1B359964002A1060 /* ProgressView.swift */; };
		566732121B3CB29F002A1060 /* HabitsTableViewController.swift in Sources */ = {isa = PBXBuildFile; fileRef = 566732111B3CB29F002A1060 /* HabitsTableViewController.swift */; };
		566B377015BBFE1F0026821C /* main.m in Sources */ = {isa = PBXBuildFile; fileRef = 566B374015BBFE1F0026821C /* main.m */; };
		566B377915BBFE1F0026821C /* SavingsViewController.m in Sources */ = {isa = PBXBuildFile; fileRef = 566B375415BBFE1F0026821C /* SavingsViewController.m */; };
		566B377B15BBFE1F0026821C /* SettingsTableViewController.m in Sources */ = {isa = PBXBuildFile; fileRef = 566B375815BBFE1F0026821C /* SettingsTableViewController.m */; };
		566B377E15BBFE1F0026821C /* AppDelegate.m in Sources */ = {isa = PBXBuildFile; fileRef = 566B375F15BBFE1F0026821C /* AppDelegate.m */; };
		567F8B061A90009F00F57F45 /* HealthTableViewController.m in Sources */ = {isa = PBXBuildFile; fileRef = 567F8B051A90009F00F57F45 /* HealthTableViewController.m */; };
		567F8B091A90033300F57F45 /* AchievementCell.swift in Sources */ = {isa = PBXBuildFile; fileRef = 567F8B081A90033300F57F45 /* AchievementCell.swift */; };
		567F8B0B1A900B4F00F57F45 /* Achievement.swift in Sources */ = {isa = PBXBuildFile; fileRef = 567F8B0A1A900B4F00F57F45 /* Achievement.swift */; };
		56914B311B66C41D00857328 /* RadialBarView.swift in Sources */ = {isa = PBXBuildFile; fileRef = 56914B301B66C41D00857328 /* RadialBarView.swift */; };
		56DAD9CD1B87D6F500C2937C /* NotificationCenter.framework in Frameworks */ = {isa = PBXBuildFile; fileRef = 56DAD9CC1B87D6F500C2937C /* NotificationCenter.framework */; };
		56DAD9D21B87D6F500C2937C /* TodayViewController.swift in Sources */ = {isa = PBXBuildFile; fileRef = 56DAD9D11B87D6F500C2937C /* TodayViewController.swift */; };
		56DAD9D41B87D6F500C2937C /* MainInterface.storyboard in Resources */ = {isa = PBXBuildFile; fileRef = 56DAD9D31B87D6F500C2937C /* MainInterface.storyboard */; };
		56DAD9D71B87D6F500C2937C /* SmokelessToday.appex in Embed App Extensions */ = {isa = PBXBuildFile; fileRef = 56DAD9CB1B87D6F500C2937C /* SmokelessToday.appex */; settings = {ATTRIBUTES = (RemoveHeadersOnCopy, ); }; };
		56DAD9DC1B87D80C00C2937C /* SmokelessKit.framework in Frameworks */ = {isa = PBXBuildFile; fileRef = 56F157751B8530FC0007E588 /* SmokelessKit.framework */; };
		56F1577A1B8530FC0007E588 /* SmokelessKit.h in Headers */ = {isa = PBXBuildFile; fileRef = 56F157791B8530FC0007E588 /* SmokelessKit.h */; settings = {ATTRIBUTES = (Public, ); }; };
		56F157801B8530FC0007E588 /* SmokelessKit.framework in Frameworks */ = {isa = PBXBuildFile; fileRef = 56F157751B8530FC0007E588 /* SmokelessKit.framework */; };
		56F157891B8530FC0007E588 /* SmokelessKitTests.m in Sources */ = {isa = PBXBuildFile; fileRef = 56F157881B8530FC0007E588 /* SmokelessKitTests.m */; };
		56F1578C1B8530FC0007E588 /* SmokelessKit.framework in Frameworks */ = {isa = PBXBuildFile; fileRef = 56F157751B8530FC0007E588 /* SmokelessKit.framework */; };
		56F1578D1B8530FC0007E588 /* SmokelessKit.framework in Embed Frameworks */ = {isa = PBXBuildFile; fileRef = 56F157751B8530FC0007E588 /* SmokelessKit.framework */; settings = {ATTRIBUTES = (CodeSignOnCopy, RemoveHeadersOnCopy, ); }; };
		56F157971B8533B30007E588 /* Constants.h in Headers */ = {isa = PBXBuildFile; fileRef = 56F157951B8533B30007E588 /* Constants.h */; settings = {ATTRIBUTES = (Public, ); }; };
		56F157981B8533B30007E588 /* Constants.m in Sources */ = {isa = PBXBuildFile; fileRef = 56F157961B8533B30007E588 /* Constants.m */; };
		56F974C11B434C20004E4816 /* CoinsDrop.aifc in Resources */ = {isa = PBXBuildFile; fileRef = 56F974C01B434C20004E4816 /* CoinsDrop.aifc */; };
		56F974C51B43520B004E4816 /* Tinkle.m4a in Resources */ = {isa = PBXBuildFile; fileRef = 56F974C41B43520B004E4816 /* Tinkle.m4a */; };
		56F974E71B4AC5DF004E4816 /* AchievementsManager.swift in Sources */ = {isa = PBXBuildFile; fileRef = 56F974E61B4AC5DF004E4816 /* AchievementsManager.swift */; };
		56F974EB1B52A97D004E4816 /* Launch.storyboard in Resources */ = {isa = PBXBuildFile; fileRef = 56F974EA1B52A97D004E4816 /* Launch.storyboard */; };
		56FF50591B85B7CD00586743 /* SmokelessManager.h in Headers */ = {isa = PBXBuildFile; fileRef = 56FF50571B85B7CD00586743 /* SmokelessManager.h */; settings = {ATTRIBUTES = (Public, ); }; };
		56FF505A1B85B7CD00586743 /* SmokelessManager.m in Sources */ = {isa = PBXBuildFile; fileRef = 56FF50581B85B7CD00586743 /* SmokelessManager.m */; };
		EF9D98F6AD30032165279C19 /* libPods-Smokeless.a in Frameworks */ = {isa = PBXBuildFile; fileRef = F2B920C243D92AF00DB7366C /* libPods-Smokeless.a */; };
/* End PBXBuildFile section */

/* Begin PBXContainerItemProxy section */
		56DAD9D51B87D6F500C2937C /* PBXContainerItemProxy */ = {
			isa = PBXContainerItemProxy;
			containerPortal = 29B97313FDCFA39411CA2CEA /* Project object */;
			proxyType = 1;
			remoteGlobalIDString = 56DAD9CA1B87D6F500C2937C;
			remoteInfo = SmokelessToday;
		};
		56F157811B8530FC0007E588 /* PBXContainerItemProxy */ = {
			isa = PBXContainerItemProxy;
			containerPortal = 29B97313FDCFA39411CA2CEA /* Project object */;
			proxyType = 1;
			remoteGlobalIDString = 56F157741B8530FC0007E588;
			remoteInfo = SmokelessKit;
		};
		56F157831B8530FC0007E588 /* PBXContainerItemProxy */ = {
			isa = PBXContainerItemProxy;
			containerPortal = 29B97313FDCFA39411CA2CEA /* Project object */;
			proxyType = 1;
			remoteGlobalIDString = 1D6058900D05DD3D006BFB54;
			remoteInfo = Smokeless;
		};
		56F1578A1B8530FC0007E588 /* PBXContainerItemProxy */ = {
			isa = PBXContainerItemProxy;
			containerPortal = 29B97313FDCFA39411CA2CEA /* Project object */;
			proxyType = 1;
			remoteGlobalIDString = 56F157741B8530FC0007E588;
			remoteInfo = SmokelessKit;
		};
/* End PBXContainerItemProxy section */

/* Begin PBXCopyFilesBuildPhase section */
		56DAD9DB1B87D6F500C2937C /* Embed App Extensions */ = {
			isa = PBXCopyFilesBuildPhase;
			buildActionMask = 2147483647;
			dstPath = "";
			dstSubfolderSpec = 13;
			files = (
				56DAD9D71B87D6F500C2937C /* SmokelessToday.appex in Embed App Extensions */,
			);
			name = "Embed App Extensions";
			runOnlyForDeploymentPostprocessing = 0;
		};
		56F157931B8530FC0007E588 /* Embed Frameworks */ = {
			isa = PBXCopyFilesBuildPhase;
			buildActionMask = 2147483647;
			dstPath = "";
			dstSubfolderSpec = 10;
			files = (
				56F1578D1B8530FC0007E588 /* SmokelessKit.framework in Embed Frameworks */,
			);
			name = "Embed Frameworks";
			runOnlyForDeploymentPostprocessing = 0;
		};
/* End PBXCopyFilesBuildPhase section */

/* Begin PBXFileReference section */
		1D6058910D05DD3D006BFB54 /* Smokeless.app */ = {isa = PBXFileReference; explicitFileType = wrapper.application; includeInIndex = 0; path = Smokeless.app; sourceTree = BUILT_PRODUCTS_DIR; };
		5556DF683983AC8D3481456A /* Pods-Smokeless.release.xcconfig */ = {isa = PBXFileReference; includeInIndex = 1; lastKnownFileType = text.xcconfig; name = "Pods-Smokeless.release.xcconfig"; path = "Pods/Target Support Files/Pods-Smokeless/Pods-Smokeless.release.xcconfig"; sourceTree = "<group>"; };
		560340411B77FF2800B6B651 /* it */ = {isa = PBXFileReference; lastKnownFileType = text.xml; name = it; path = it.lproj/Localizable.stringsdict; sourceTree = "<group>"; };
		560340421B794E0D00B6B651 /* PiggyBox.svg */ = {isa = PBXFileReference; fileEncoding = 4; lastKnownFileType = text.xml; name = PiggyBox.svg; path = Resources/PiggyBox.svg; sourceTree = "<group>"; };
		5603408B1B7F79E800B6B651 /* AboutTableViewController.swift */ = {isa = PBXFileReference; fileEncoding = 4; lastKnownFileType = sourcecode.swift; path = AboutTableViewController.swift; sourceTree = "<group>"; };
		5619B4111A6C6D81005C12CF /* Images.xcassets */ = {isa = PBXFileReference; lastKnownFileType = folder.assetcatalog; path = Images.xcassets; sourceTree = "<group>"; };
		564395071B59AFCF003D071C /* Base */ = {isa = PBXFileReference; explicitFileType = text.plist.xml; name = Base; path = Base.lproj/Localizable.stringsdict; sourceTree = "<group>"; };
		564518461B5A88CB001BF1EA /* CalendarViewController.swift */ = {isa = PBXFileReference; fileEncoding = 4; lastKnownFileType = sourcecode.swift; path = CalendarViewController.swift; sourceTree = "<group>"; };
		5667320B1B358DB9002A1060 /* Base */ = {isa = PBXFileReference; lastKnownFileType = file.storyboard; name = Base; path = Base.lproj/Main.storyboard; sourceTree = "<group>"; };
		5667320C1B358E30002A1060 /* Base */ = {isa = PBXFileReference; lastKnownFileType = text.plist.strings; name = Base; path = Base.lproj/Localizable.strings; sourceTree = "<group>"; };
		5667320D1B359964002A1060 /* ProgressView.swift */ = {isa = PBXFileReference; fileEncoding = 4; lastKnownFileType = sourcecode.swift; path = ProgressView.swift; sourceTree = "<group>"; };
		566732111B3CB29F002A1060 /* HabitsTableViewController.swift */ = {isa = PBXFileReference; fileEncoding = 4; lastKnownFileType = sourcecode.swift; path = HabitsTableViewController.swift; sourceTree = "<group>"; };
		566B374015BBFE1F0026821C /* main.m */ = {isa = PBXFileReference; fileEncoding = 4; lastKnownFileType = sourcecode.c.objc; path = main.m; sourceTree = "<group>"; };
		566B375315BBFE1F0026821C /* SavingsViewController.h */ = {isa = PBXFileReference; fileEncoding = 4; lastKnownFileType = sourcecode.c.h; path = SavingsViewController.h; sourceTree = "<group>"; };
		566B375415BBFE1F0026821C /* SavingsViewController.m */ = {isa = PBXFileReference; fileEncoding = 4; lastKnownFileType = sourcecode.c.objc; path = SavingsViewController.m; sourceTree = "<group>"; };
		566B375715BBFE1F0026821C /* SettingsTableViewController.h */ = {isa = PBXFileReference; fileEncoding = 4; lastKnownFileType = sourcecode.c.h; path = SettingsTableViewController.h; sourceTree = "<group>"; };
		566B375815BBFE1F0026821C /* SettingsTableViewController.m */ = {isa = PBXFileReference; fileEncoding = 4; lastKnownFileType = sourcecode.c.objc; path = SettingsTableViewController.m; sourceTree = "<group>"; };
		566B375E15BBFE1F0026821C /* AppDelegate.h */ = {isa = PBXFileReference; fileEncoding = 4; lastKnownFileType = sourcecode.c.h; path = AppDelegate.h; sourceTree = "<group>"; };
		566B375F15BBFE1F0026821C /* AppDelegate.m */ = {isa = PBXFileReference; fileEncoding = 4; lastKnownFileType = sourcecode.c.objc; path = AppDelegate.m; sourceTree = "<group>"; };
		567F8B041A90009F00F57F45 /* HealthTableViewController.h */ = {isa = PBXFileReference; fileEncoding = 4; lastKnownFileType = sourcecode.c.h; path = HealthTableViewController.h; sourceTree = "<group>"; };
		567F8B051A90009F00F57F45 /* HealthTableViewController.m */ = {isa = PBXFileReference; fileEncoding = 4; lastKnownFileType = sourcecode.c.objc; path = HealthTableViewController.m; sourceTree = "<group>"; };
		567F8B071A90033300F57F45 /* Smokeless-Bridging-Header.h */ = {isa = PBXFileReference; lastKnownFileType = sourcecode.c.h; path = "Smokeless-Bridging-Header.h"; sourceTree = "<group>"; };
		567F8B081A90033300F57F45 /* AchievementCell.swift */ = {isa = PBXFileReference; fileEncoding = 4; lastKnownFileType = sourcecode.swift; path = AchievementCell.swift; sourceTree = "<group>"; };
		567F8B0A1A900B4F00F57F45 /* Achievement.swift */ = {isa = PBXFileReference; fileEncoding = 4; lastKnownFileType = sourcecode.swift; path = Achievement.swift; sourceTree = "<group>"; };
		56914B301B66C41D00857328 /* RadialBarView.swift */ = {isa = PBXFileReference; fileEncoding = 4; lastKnownFileType = sourcecode.swift; path = RadialBarView.swift; sourceTree = "<group>"; };
		56DAD9CB1B87D6F500C2937C /* SmokelessToday.appex */ = {isa = PBXFileReference; explicitFileType = "wrapper.app-extension"; includeInIndex = 0; path = SmokelessToday.appex; sourceTree = BUILT_PRODUCTS_DIR; };
		56DAD9CC1B87D6F500C2937C /* NotificationCenter.framework */ = {isa = PBXFileReference; lastKnownFileType = wrapper.framework; name = NotificationCenter.framework; path = System/Library/Frameworks/NotificationCenter.framework; sourceTree = SDKROOT; };
		56DAD9D01B87D6F500C2937C /* Info.plist */ = {isa = PBXFileReference; lastKnownFileType = text.plist.xml; path = Info.plist; sourceTree = "<group>"; };
		56DAD9D11B87D6F500C2937C /* TodayViewController.swift */ = {isa = PBXFileReference; lastKnownFileType = sourcecode.swift; path = TodayViewController.swift; sourceTree = "<group>"; };
		56DAD9D31B87D6F500C2937C /* MainInterface.storyboard */ = {isa = PBXFileReference; lastKnownFileType = file.storyboard; path = MainInterface.storyboard; sourceTree = "<group>"; };
		56F157751B8530FC0007E588 /* SmokelessKit.framework */ = {isa = PBXFileReference; explicitFileType = wrapper.framework; includeInIndex = 0; path = SmokelessKit.framework; sourceTree = BUILT_PRODUCTS_DIR; };
		56F157781B8530FC0007E588 /* Info.plist */ = {isa = PBXFileReference; lastKnownFileType = text.plist.xml; path = Info.plist; sourceTree = "<group>"; };
		56F157791B8530FC0007E588 /* SmokelessKit.h */ = {isa = PBXFileReference; lastKnownFileType = sourcecode.c.h; path = SmokelessKit.h; sourceTree = "<group>"; };
		56F1577F1B8530FC0007E588 /* SmokelessKitTests.xctest */ = {isa = PBXFileReference; explicitFileType = wrapper.cfbundle; includeInIndex = 0; path = SmokelessKitTests.xctest; sourceTree = BUILT_PRODUCTS_DIR; };
		56F157871B8530FC0007E588 /* Info.plist */ = {isa = PBXFileReference; lastKnownFileType = text.plist.xml; path = Info.plist; sourceTree = "<group>"; };
		56F157881B8530FC0007E588 /* SmokelessKitTests.m */ = {isa = PBXFileReference; lastKnownFileType = sourcecode.c.objc; path = SmokelessKitTests.m; sourceTree = "<group>"; };
		56F157951B8533B30007E588 /* Constants.h */ = {isa = PBXFileReference; fileEncoding = 4; lastKnownFileType = sourcecode.c.h; path = Constants.h; sourceTree = "<group>"; };
		56F157961B8533B30007E588 /* Constants.m */ = {isa = PBXFileReference; fileEncoding = 4; lastKnownFileType = sourcecode.c.objc; path = Constants.m; sourceTree = "<group>"; };
		56F157991B8536A00007E588 /* Info.plist */ = {isa = PBXFileReference; fileEncoding = 4; lastKnownFileType = text.plist.xml; path = Info.plist; sourceTree = "<group>"; };
		56F974C01B434C20004E4816 /* CoinsDrop.aifc */ = {isa = PBXFileReference; lastKnownFileType = file; name = CoinsDrop.aifc; path = Resources/CoinsDrop.aifc; sourceTree = "<group>"; };
		56F974C41B43520B004E4816 /* Tinkle.m4a */ = {isa = PBXFileReference; lastKnownFileType = file; name = Tinkle.m4a; path = Resources/Tinkle.m4a; sourceTree = "<group>"; };
		56F974E61B4AC5DF004E4816 /* AchievementsManager.swift */ = {isa = PBXFileReference; fileEncoding = 4; lastKnownFileType = sourcecode.swift; path = AchievementsManager.swift; sourceTree = "<group>"; };
		56F974E81B52A529004E4816 /* it */ = {isa = PBXFileReference; lastKnownFileType = text.plist.strings; name = it; path = it.lproj/Main.strings; sourceTree = "<group>"; };
		56F974E91B52A529004E4816 /* it */ = {isa = PBXFileReference; lastKnownFileType = text.plist.strings; name = it; path = it.lproj/Localizable.strings; sourceTree = "<group>"; };
		56F974EA1B52A97D004E4816 /* Launch.storyboard */ = {isa = PBXFileReference; fileEncoding = 4; lastKnownFileType = file.storyboard; path = Launch.storyboard; sourceTree = "<group>"; };
		56FF50571B85B7CD00586743 /* SmokelessManager.h */ = {isa = PBXFileReference; fileEncoding = 4; lastKnownFileType = sourcecode.c.h; path = SmokelessManager.h; sourceTree = "<group>"; };
		56FF50581B85B7CD00586743 /* SmokelessManager.m */ = {isa = PBXFileReference; fileEncoding = 4; lastKnownFileType = sourcecode.c.objc; path = SmokelessManager.m; sourceTree = "<group>"; };
		D5AF340CA5376AEE2D53BD56 /* Pods-Smokeless.debug.xcconfig */ = {isa = PBXFileReference; includeInIndex = 1; lastKnownFileType = text.xcconfig; name = "Pods-Smokeless.debug.xcconfig"; path = "Pods/Target Support Files/Pods-Smokeless/Pods-Smokeless.debug.xcconfig"; sourceTree = "<group>"; };
		F2B920C243D92AF00DB7366C /* libPods-Smokeless.a */ = {isa = PBXFileReference; explicitFileType = archive.ar; includeInIndex = 0; path = "libPods-Smokeless.a"; sourceTree = BUILT_PRODUCTS_DIR; };
/* End PBXFileReference section */

/* Begin PBXFrameworksBuildPhase section */
		1D60588F0D05DD3D006BFB54 /* Frameworks */ = {
			isa = PBXFrameworksBuildPhase;
			buildActionMask = 2147483647;
			files = (
				56F1578C1B8530FC0007E588 /* SmokelessKit.framework in Frameworks */,
				EF9D98F6AD30032165279C19 /* libPods-Smokeless.a in Frameworks */,
			);
			runOnlyForDeploymentPostprocessing = 0;
		};
		56DAD9C81B87D6F500C2937C /* Frameworks */ = {
			isa = PBXFrameworksBuildPhase;
			buildActionMask = 2147483647;
			files = (
				56DAD9DC1B87D80C00C2937C /* SmokelessKit.framework in Frameworks */,
				56DAD9CD1B87D6F500C2937C /* NotificationCenter.framework in Frameworks */,
			);
			runOnlyForDeploymentPostprocessing = 0;
		};
		56F157711B8530FC0007E588 /* Frameworks */ = {
			isa = PBXFrameworksBuildPhase;
			buildActionMask = 2147483647;
			files = (
			);
			runOnlyForDeploymentPostprocessing = 0;
		};
		56F1577C1B8530FC0007E588 /* Frameworks */ = {
			isa = PBXFrameworksBuildPhase;
			buildActionMask = 2147483647;
			files = (
				56F157801B8530FC0007E588 /* SmokelessKit.framework in Frameworks */,
			);
			runOnlyForDeploymentPostprocessing = 0;
		};
/* End PBXFrameworksBuildPhase section */

/* Begin PBXGroup section */
		19C28FACFE9D520D11CA2CBB /* Products */ = {
			isa = PBXGroup;
			children = (
				1D6058910D05DD3D006BFB54 /* Smokeless.app */,
				56F157751B8530FC0007E588 /* SmokelessKit.framework */,
				56F1577F1B8530FC0007E588 /* SmokelessKitTests.xctest */,
				56DAD9CB1B87D6F500C2937C /* SmokelessToday.appex */,
			);
			name = Products;
			sourceTree = "<group>";
		};
		29B97314FDCFA39411CA2CEA /* Smokeless */ = {
			isa = PBXGroup;
			children = (
				566B372815BBFE1E0026821C /* Smokeless */,
				562536DE1B41E37B00E321A5 /* Resources */,
				56F157761B8530FC0007E588 /* SmokelessKit */,
				56F157851B8530FC0007E588 /* SmokelessKitTests */,
				56DAD9CE1B87D6F500C2937C /* SmokelessToday */,
				29B97323FDCFA39411CA2CEA /* Frameworks */,
				19C28FACFE9D520D11CA2CBB /* Products */,
				8581A22302CE25DF8F224CC4 /* Pods */,
			);
			name = Smokeless;
			sourceTree = "<group>";
		};
		29B97323FDCFA39411CA2CEA /* Frameworks */ = {
			isa = PBXGroup;
			children = (
				F2B920C243D92AF00DB7366C /* libPods-Smokeless.a */,
				56DAD9CC1B87D6F500C2937C /* NotificationCenter.framework */,
			);
			name = Frameworks;
			sourceTree = "<group>";
		};
		562536DE1B41E37B00E321A5 /* Resources */ = {
			isa = PBXGroup;
			children = (
				560340421B794E0D00B6B651 /* PiggyBox.svg */,
				56F974C41B43520B004E4816 /* Tinkle.m4a */,
				56F974C01B434C20004E4816 /* CoinsDrop.aifc */,
			);
			name = Resources;
			sourceTree = "<group>";
		};
		566B372815BBFE1E0026821C /* Smokeless */ = {
			isa = PBXGroup;
			children = (
				5619B4111A6C6D81005C12CF /* Images.xcassets */,
				56F974EA1B52A97D004E4816 /* Launch.storyboard */,
				5667320A1B358DA9002A1060 /* Main.storyboard */,
				566B375E15BBFE1F0026821C /* AppDelegate.h */,
				566B375F15BBFE1F0026821C /* AppDelegate.m */,
				566B378415BC00050026821C /* Models */,
				566B378515BC00130026821C /* Views */,
				566B378215BBFFAD0026821C /* Controllers */,
				566B378115BBFE670026821C /* Supporting Files */,
			);
			path = Smokeless;
			sourceTree = "<group>";
		};
		566B378115BBFE670026821C /* Supporting Files */ = {
			isa = PBXGroup;
			children = (
				566B374015BBFE1F0026821C /* main.m */,
				567F8B071A90033300F57F45 /* Smokeless-Bridging-Header.h */,
				56F157991B8536A00007E588 /* Info.plist */,
				566732071B358D3F002A1060 /* Localizable.strings */,
				564395081B59AFCF003D071C /* Localizable.stringsdict */,
			);
			name = "Supporting Files";
			sourceTree = "<group>";
		};
		566B378215BBFFAD0026821C /* Controllers */ = {
			isa = PBXGroup;
			children = (
				564518461B5A88CB001BF1EA /* CalendarViewController.swift */,
				566B375315BBFE1F0026821C /* SavingsViewController.h */,
				566B375415BBFE1F0026821C /* SavingsViewController.m */,
				567F8B041A90009F00F57F45 /* HealthTableViewController.h */,
				567F8B051A90009F00F57F45 /* HealthTableViewController.m */,
				566B375715BBFE1F0026821C /* SettingsTableViewController.h */,
				566B375815BBFE1F0026821C /* SettingsTableViewController.m */,
				566732111B3CB29F002A1060 /* HabitsTableViewController.swift */,
				5603408B1B7F79E800B6B651 /* AboutTableViewController.swift */,
			);
			name = Controllers;
			sourceTree = "<group>";
		};
		566B378415BC00050026821C /* Models */ = {
			isa = PBXGroup;
			children = (
				567F8B0A1A900B4F00F57F45 /* Achievement.swift */,
				56F974E61B4AC5DF004E4816 /* AchievementsManager.swift */,
			);
			name = Models;
			sourceTree = "<group>";
		};
		566B378515BC00130026821C /* Views */ = {
			isa = PBXGroup;
			children = (
				56914B301B66C41D00857328 /* RadialBarView.swift */,
				567F8B081A90033300F57F45 /* AchievementCell.swift */,
				5667320D1B359964002A1060 /* ProgressView.swift */,
			);
			name = Views;
			sourceTree = "<group>";
		};
		56DAD9CE1B87D6F500C2937C /* SmokelessToday */ = {
			isa = PBXGroup;
			children = (
				56DAD9D11B87D6F500C2937C /* TodayViewController.swift */,
				56DAD9D31B87D6F500C2937C /* MainInterface.storyboard */,
				56DAD9CF1B87D6F500C2937C /* Supporting Files */,
			);
			path = SmokelessToday;
			sourceTree = "<group>";
		};
		56DAD9CF1B87D6F500C2937C /* Supporting Files */ = {
			isa = PBXGroup;
			children = (
				56DAD9D01B87D6F500C2937C /* Info.plist */,
			);
			name = "Supporting Files";
			sourceTree = "<group>";
		};
		56F157761B8530FC0007E588 /* SmokelessKit */ = {
			isa = PBXGroup;
			children = (
				56F157791B8530FC0007E588 /* SmokelessKit.h */,
				56F157951B8533B30007E588 /* Constants.h */,
				56F157961B8533B30007E588 /* Constants.m */,
				56FF50571B85B7CD00586743 /* SmokelessManager.h */,
				56FF50581B85B7CD00586743 /* SmokelessManager.m */,
				56F157771B8530FC0007E588 /* Supporting Files */,
			);
			path = SmokelessKit;
			sourceTree = "<group>";
		};
		56F157771B8530FC0007E588 /* Supporting Files */ = {
			isa = PBXGroup;
			children = (
				56F157781B8530FC0007E588 /* Info.plist */,
			);
			name = "Supporting Files";
			sourceTree = "<group>";
		};
		56F157851B8530FC0007E588 /* SmokelessKitTests */ = {
			isa = PBXGroup;
			children = (
				56F157881B8530FC0007E588 /* SmokelessKitTests.m */,
				56F157861B8530FC0007E588 /* Supporting Files */,
			);
			path = SmokelessKitTests;
			sourceTree = "<group>";
		};
		56F157861B8530FC0007E588 /* Supporting Files */ = {
			isa = PBXGroup;
			children = (
				56F157871B8530FC0007E588 /* Info.plist */,
			);
			name = "Supporting Files";
			sourceTree = "<group>";
		};
		8581A22302CE25DF8F224CC4 /* Pods */ = {
			isa = PBXGroup;
			children = (
				D5AF340CA5376AEE2D53BD56 /* Pods-Smokeless.debug.xcconfig */,
				5556DF683983AC8D3481456A /* Pods-Smokeless.release.xcconfig */,
			);
			name = Pods;
			sourceTree = "<group>";
		};
/* End PBXGroup section */

/* Begin PBXHeadersBuildPhase section */
		56F157721B8530FC0007E588 /* Headers */ = {
			isa = PBXHeadersBuildPhase;
			buildActionMask = 2147483647;
			files = (
				56FF50591B85B7CD00586743 /* SmokelessManager.h in Headers */,
				56F157971B8533B30007E588 /* Constants.h in Headers */,
				56F1577A1B8530FC0007E588 /* SmokelessKit.h in Headers */,
			);
			runOnlyForDeploymentPostprocessing = 0;
		};
/* End PBXHeadersBuildPhase section */

/* Begin PBXNativeTarget section */
		1D6058900D05DD3D006BFB54 /* Smokeless */ = {
			isa = PBXNativeTarget;
			buildConfigurationList = 1D6058960D05DD3E006BFB54 /* Build configuration list for PBXNativeTarget "Smokeless" */;
			buildPhases = (
				3C60AF302952FB3E28DE6E36 /* Check Pods Manifest.lock */,
				1D60588D0D05DD3D006BFB54 /* Resources */,
				1D60588E0D05DD3D006BFB54 /* Sources */,
				1D60588F0D05DD3D006BFB54 /* Frameworks */,
				63771279F0C0450909382DC4 /* Copy Pods Resources */,
				56F157931B8530FC0007E588 /* Embed Frameworks */,
				56DAD9DB1B87D6F500C2937C /* Embed App Extensions */,
			);
			buildRules = (
			);
			dependencies = (
				56F1578B1B8530FC0007E588 /* PBXTargetDependency */,
				56DAD9D61B87D6F500C2937C /* PBXTargetDependency */,
			);
			name = Smokeless;
			productName = Smokeless;
			productReference = 1D6058910D05DD3D006BFB54 /* Smokeless.app */;
			productType = "com.apple.product-type.application";
		};
		56DAD9CA1B87D6F500C2937C /* SmokelessToday */ = {
			isa = PBXNativeTarget;
			buildConfigurationList = 56DAD9DA1B87D6F500C2937C /* Build configuration list for PBXNativeTarget "SmokelessToday" */;
			buildPhases = (
				56DAD9C71B87D6F500C2937C /* Sources */,
				56DAD9C81B87D6F500C2937C /* Frameworks */,
				56DAD9C91B87D6F500C2937C /* Resources */,
			);
			buildRules = (
			);
			dependencies = (
			);
			name = SmokelessToday;
			productName = SmokelessToday;
			productReference = 56DAD9CB1B87D6F500C2937C /* SmokelessToday.appex */;
			productType = "com.apple.product-type.app-extension";
		};
		56F157741B8530FC0007E588 /* SmokelessKit */ = {
			isa = PBXNativeTarget;
			buildConfigurationList = 56F157921B8530FC0007E588 /* Build configuration list for PBXNativeTarget "SmokelessKit" */;
			buildPhases = (
				56F157701B8530FC0007E588 /* Sources */,
				56F157711B8530FC0007E588 /* Frameworks */,
				56F157721B8530FC0007E588 /* Headers */,
				56F157731B8530FC0007E588 /* Resources */,
			);
			buildRules = (
			);
			dependencies = (
			);
			name = SmokelessKit;
			productName = SmokelessKit;
			productReference = 56F157751B8530FC0007E588 /* SmokelessKit.framework */;
			productType = "com.apple.product-type.framework";
		};
		56F1577E1B8530FC0007E588 /* SmokelessKitTests */ = {
			isa = PBXNativeTarget;
			buildConfigurationList = 56F157941B8530FC0007E588 /* Build configuration list for PBXNativeTarget "SmokelessKitTests" */;
			buildPhases = (
				56F1577B1B8530FC0007E588 /* Sources */,
				56F1577C1B8530FC0007E588 /* Frameworks */,
				56F1577D1B8530FC0007E588 /* Resources */,
			);
			buildRules = (
			);
			dependencies = (
				56F157821B8530FC0007E588 /* PBXTargetDependency */,
				56F157841B8530FC0007E588 /* PBXTargetDependency */,
			);
			name = SmokelessKitTests;
			productName = SmokelessKitTests;
			productReference = 56F1577F1B8530FC0007E588 /* SmokelessKitTests.xctest */;
			productType = "com.apple.product-type.bundle.unit-test";
		};
/* End PBXNativeTarget section */

/* Begin PBXProject section */
		29B97313FDCFA39411CA2CEA /* Project object */ = {
			isa = PBXProject;
			attributes = {
				LastUpgradeCheck = 0610;
				ORGANIZATIONNAME = "Massimo Peri";
				TargetAttributes = {
					1D6058900D05DD3D006BFB54 = {
						DevelopmentTeam = PZ7QB7SQMF;
					};
					56DAD9CA1B87D6F500C2937C = {
						CreatedOnToolsVersion = 6.4;
						DevelopmentTeam = PZ7QB7SQMF;
					};
					56F157741B8530FC0007E588 = {
						CreatedOnToolsVersion = 6.4;
						DevelopmentTeam = PZ7QB7SQMF;
					};
					56F1577E1B8530FC0007E588 = {
						CreatedOnToolsVersion = 6.4;
						TestTargetID = 1D6058900D05DD3D006BFB54;
					};
				};
			};
			buildConfigurationList = C01FCF4E08A954540054247B /* Build configuration list for PBXProject "Smokeless" */;
			compatibilityVersion = "Xcode 3.2";
			developmentRegion = English;
			hasScannedForEncodings = 1;
			knownRegions = (
				English,
				Japanese,
				French,
				German,
				Base,
				it,
			);
			mainGroup = 29B97314FDCFA39411CA2CEA /* Smokeless */;
			projectDirPath = "";
			projectRoot = "";
			targets = (
				1D6058900D05DD3D006BFB54 /* Smokeless */,
				56F157741B8530FC0007E588 /* SmokelessKit */,
				56F1577E1B8530FC0007E588 /* SmokelessKitTests */,
				56DAD9CA1B87D6F500C2937C /* SmokelessToday */,
			);
		};
/* End PBXProject section */

/* Begin PBXResourcesBuildPhase section */
		1D60588D0D05DD3D006BFB54 /* Resources */ = {
			isa = PBXResourcesBuildPhase;
			buildActionMask = 2147483647;
			files = (
				566732051B358D3F002A1060 /* Localizable.strings in Resources */,
				56F974EB1B52A97D004E4816 /* Launch.storyboard in Resources */,
				56F974C51B43520B004E4816 /* Tinkle.m4a in Resources */,
				560340431B794E0D00B6B651 /* PiggyBox.svg in Resources */,
				5619B4121A6C6D81005C12CF /* Images.xcassets in Resources */,
				566732081B358DA9002A1060 /* Main.storyboard in Resources */,
				564395061B59AFCF003D071C /* Localizable.stringsdict in Resources */,
				56F974C11B434C20004E4816 /* CoinsDrop.aifc in Resources */,
			);
			runOnlyForDeploymentPostprocessing = 0;
		};
		56DAD9C91B87D6F500C2937C /* Resources */ = {
			isa = PBXResourcesBuildPhase;
			buildActionMask = 2147483647;
			files = (
				56DAD9D41B87D6F500C2937C /* MainInterface.storyboard in Resources */,
			);
			runOnlyForDeploymentPostprocessing = 0;
		};
		56F157731B8530FC0007E588 /* Resources */ = {
			isa = PBXResourcesBuildPhase;
			buildActionMask = 2147483647;
			files = (
			);
			runOnlyForDeploymentPostprocessing = 0;
		};
		56F1577D1B8530FC0007E588 /* Resources */ = {
			isa = PBXResourcesBuildPhase;
			buildActionMask = 2147483647;
			files = (
			);
			runOnlyForDeploymentPostprocessing = 0;
		};
/* End PBXResourcesBuildPhase section */

/* Begin PBXShellScriptBuildPhase section */
		3C60AF302952FB3E28DE6E36 /* Check Pods Manifest.lock */ = {
			isa = PBXShellScriptBuildPhase;
			buildActionMask = 2147483647;
			files = (
			);
			inputPaths = (
			);
			name = "Check Pods Manifest.lock";
			outputPaths = (
			);
			runOnlyForDeploymentPostprocessing = 0;
			shellPath = /bin/sh;
			shellScript = "diff \"${PODS_ROOT}/../Podfile.lock\" \"${PODS_ROOT}/Manifest.lock\" > /dev/null\nif [[ $? != 0 ]] ; then\n    cat << EOM\nerror: The sandbox is not in sync with the Podfile.lock. Run 'pod install' or update your CocoaPods installation.\nEOM\n    exit 1\nfi\n";
			showEnvVarsInLog = 0;
		};
		63771279F0C0450909382DC4 /* Copy Pods Resources */ = {
			isa = PBXShellScriptBuildPhase;
			buildActionMask = 2147483647;
			files = (
			);
			inputPaths = (
			);
			name = "Copy Pods Resources";
			outputPaths = (
			);
			runOnlyForDeploymentPostprocessing = 0;
			shellPath = /bin/sh;
			shellScript = "\"${SRCROOT}/Pods/Target Support Files/Pods-Smokeless/Pods-Smokeless-resources.sh\"\n";
			showEnvVarsInLog = 0;
		};
/* End PBXShellScriptBuildPhase section */

/* Begin PBXSourcesBuildPhase section */
		1D60588E0D05DD3D006BFB54 /* Sources */ = {
			isa = PBXSourcesBuildPhase;
			buildActionMask = 2147483647;
			files = (
				564518471B5A88CB001BF1EA /* CalendarViewController.swift in Sources */,
				567F8B061A90009F00F57F45 /* HealthTableViewController.m in Sources */,
				566B377015BBFE1F0026821C /* main.m in Sources */,
				567F8B091A90033300F57F45 /* AchievementCell.swift in Sources */,
				566B377915BBFE1F0026821C /* SavingsViewController.m in Sources */,
				56F974E71B4AC5DF004E4816 /* AchievementsManager.swift in Sources */,
				567F8B0B1A900B4F00F57F45 /* Achievement.swift in Sources */,
				5603408D1B81B73F00B6B651 /* AboutTableViewController.swift in Sources */,
				56914B311B66C41D00857328 /* RadialBarView.swift in Sources */,
				566B377B15BBFE1F0026821C /* SettingsTableViewController.m in Sources */,
				566732121B3CB29F002A1060 /* HabitsTableViewController.swift in Sources */,
				566B377E15BBFE1F0026821C /* AppDelegate.m in Sources */,
				5667320E1B359964002A1060 /* ProgressView.swift in Sources */,
			);
			runOnlyForDeploymentPostprocessing = 0;
		};
		56DAD9C71B87D6F500C2937C /* Sources */ = {
			isa = PBXSourcesBuildPhase;
			buildActionMask = 2147483647;
			files = (
				56DAD9D21B87D6F500C2937C /* TodayViewController.swift in Sources */,
			);
			runOnlyForDeploymentPostprocessing = 0;
		};
		56F157701B8530FC0007E588 /* Sources */ = {
			isa = PBXSourcesBuildPhase;
			buildActionMask = 2147483647;
			files = (
				56FF505A1B85B7CD00586743 /* SmokelessManager.m in Sources */,
				56F157981B8533B30007E588 /* Constants.m in Sources */,
			);
			runOnlyForDeploymentPostprocessing = 0;
		};
		56F1577B1B8530FC0007E588 /* Sources */ = {
			isa = PBXSourcesBuildPhase;
			buildActionMask = 2147483647;
			files = (
				56F157891B8530FC0007E588 /* SmokelessKitTests.m in Sources */,
			);
			runOnlyForDeploymentPostprocessing = 0;
		};
/* End PBXSourcesBuildPhase section */

/* Begin PBXTargetDependency section */
		56DAD9D61B87D6F500C2937C /* PBXTargetDependency */ = {
			isa = PBXTargetDependency;
			target = 56DAD9CA1B87D6F500C2937C /* SmokelessToday */;
			targetProxy = 56DAD9D51B87D6F500C2937C /* PBXContainerItemProxy */;
		};
		56F157821B8530FC0007E588 /* PBXTargetDependency */ = {
			isa = PBXTargetDependency;
			target = 56F157741B8530FC0007E588 /* SmokelessKit */;
			targetProxy = 56F157811B8530FC0007E588 /* PBXContainerItemProxy */;
		};
		56F157841B8530FC0007E588 /* PBXTargetDependency */ = {
			isa = PBXTargetDependency;
			target = 1D6058900D05DD3D006BFB54 /* Smokeless */;
			targetProxy = 56F157831B8530FC0007E588 /* PBXContainerItemProxy */;
		};
		56F1578B1B8530FC0007E588 /* PBXTargetDependency */ = {
			isa = PBXTargetDependency;
			target = 56F157741B8530FC0007E588 /* SmokelessKit */;
			targetProxy = 56F1578A1B8530FC0007E588 /* PBXContainerItemProxy */;
		};
/* End PBXTargetDependency section */

/* Begin PBXVariantGroup section */
		564395081B59AFCF003D071C /* Localizable.stringsdict */ = {
			isa = PBXVariantGroup;
			children = (
				564395071B59AFCF003D071C /* Base */,
				560340411B77FF2800B6B651 /* it */,
			);
			name = Localizable.stringsdict;
			sourceTree = "<group>";
		};
		566732071B358D3F002A1060 /* Localizable.strings */ = {
			isa = PBXVariantGroup;
			children = (
				5667320C1B358E30002A1060 /* Base */,
				56F974E91B52A529004E4816 /* it */,
			);
			name = Localizable.strings;
			sourceTree = "<group>";
		};
		5667320A1B358DA9002A1060 /* Main.storyboard */ = {
			isa = PBXVariantGroup;
			children = (
				5667320B1B358DB9002A1060 /* Base */,
				56F974E81B52A529004E4816 /* it */,
			);
			name = Main.storyboard;
			sourceTree = "<group>";
		};
/* End PBXVariantGroup section */

/* Begin XCBuildConfiguration section */
		1D6058940D05DD3E006BFB54 /* Debug */ = {
			isa = XCBuildConfiguration;
			baseConfigurationReference = D5AF340CA5376AEE2D53BD56 /* Pods-Smokeless.debug.xcconfig */;
			buildSettings = {
				ASSETCATALOG_COMPILER_APPICON_NAME = "AppIcon-alpha";
				CLANG_ENABLE_MODULES = YES;
				CLANG_ENABLE_OBJC_ARC = YES;
				"CODE_SIGN_IDENTITY[sdk=iphoneos*]" = "iPhone Developer";
				COMPRESS_PNG_FILES = NO;
				COPY_PHASE_STRIP = NO;
				GCC_DYNAMIC_NO_PIC = NO;
				GCC_OPTIMIZATION_LEVEL = 0;
				GCC_PRECOMPILE_PREFIX_HEADER = NO;
				GCC_PREFIX_HEADER = "";
				GCC_THUMB_SUPPORT = NO;
				INFOPLIST_FILE = Smokeless/Info.plist;
				IPHONEOS_DEPLOYMENT_TARGET = 8.0;
				LD_RUNPATH_SEARCH_PATHS = "$(inherited) @executable_path/Frameworks";
				OTHER_CFLAGS = "";
				OTHER_SWIFT_FLAGS = "-D DEBUG";
				PRODUCT_NAME = Smokeless;
				"PROVISIONING_PROFILE[sdk=iphoneos*]" = "";
				SKIP_INSTALL = NO;
				SUFFIX_BUNDLE_ID = "-debug";
				SWIFT_OBJC_BRIDGING_HEADER = "Smokeless/Smokeless-Bridging-Header.h";
				SWIFT_OPTIMIZATION_LEVEL = "-Onone";
				TARGETED_DEVICE_FAMILY = "1,2";
			};
			name = Debug;
		};
		1D6058950D05DD3E006BFB54 /* Release */ = {
			isa = XCBuildConfiguration;
			baseConfigurationReference = 5556DF683983AC8D3481456A /* Pods-Smokeless.release.xcconfig */;
			buildSettings = {
				ASSETCATALOG_COMPILER_APPICON_NAME = "AppIcon-alpha";
				CLANG_ENABLE_MODULES = YES;
				CLANG_ENABLE_OBJC_ARC = YES;
				COMPRESS_PNG_FILES = NO;
				COPY_PHASE_STRIP = YES;
				GCC_PRECOMPILE_PREFIX_HEADER = NO;
				GCC_PREFIX_HEADER = "";
				GCC_THUMB_SUPPORT = NO;
				INFOPLIST_FILE = Smokeless/Info.plist;
				IPHONEOS_DEPLOYMENT_TARGET = 8.0;
				LD_RUNPATH_SEARCH_PATHS = "$(inherited) @executable_path/Frameworks";
				PRODUCT_NAME = Smokeless;
				SKIP_INSTALL = NO;
				SUFFIX_BUNDLE_ID = "";
				SWIFT_OBJC_BRIDGING_HEADER = "Smokeless/Smokeless-Bridging-Header.h";
				TARGETED_DEVICE_FAMILY = "1,2";
				VALIDATE_PRODUCT = YES;
			};
			name = Release;
		};
		56DAD9D81B87D6F500C2937C /* Debug */ = {
			isa = XCBuildConfiguration;
			buildSettings = {
				ALWAYS_SEARCH_USER_PATHS = NO;
				CLANG_CXX_LANGUAGE_STANDARD = "gnu++0x";
				CLANG_CXX_LIBRARY = "libc++";
				CLANG_ENABLE_MODULES = YES;
				CLANG_ENABLE_OBJC_ARC = YES;
				CLANG_WARN_BOOL_CONVERSION = YES;
				CLANG_WARN_CONSTANT_CONVERSION = YES;
				CLANG_WARN_DIRECT_OBJC_ISA_USAGE = YES_ERROR;
				CLANG_WARN_EMPTY_BODY = YES;
				CLANG_WARN_ENUM_CONVERSION = YES;
				CLANG_WARN_INT_CONVERSION = YES;
				CLANG_WARN_OBJC_ROOT_CLASS = YES_ERROR;
				CLANG_WARN_UNREACHABLE_CODE = YES;
				CLANG_WARN__DUPLICATE_METHOD_MATCH = YES;
				COPY_PHASE_STRIP = NO;
				DEBUG_INFORMATION_FORMAT = "dwarf-with-dsym";
				ENABLE_STRICT_OBJC_MSGSEND = YES;
				GCC_C_LANGUAGE_STANDARD = gnu99;
				GCC_DYNAMIC_NO_PIC = NO;
				GCC_NO_COMMON_BLOCKS = YES;
				GCC_OPTIMIZATION_LEVEL = 0;
				GCC_PREPROCESSOR_DEFINITIONS = (
					"DEBUG=1",
					"$(inherited)",
				);
				GCC_SYMBOLS_PRIVATE_EXTERN = NO;
				GCC_WARN_64_TO_32_BIT_CONVERSION = YES;
				GCC_WARN_ABOUT_RETURN_TYPE = YES_ERROR;
				GCC_WARN_UNDECLARED_SELECTOR = YES;
				GCC_WARN_UNINITIALIZED_AUTOS = YES_AGGRESSIVE;
				GCC_WARN_UNUSED_FUNCTION = YES;
				INFOPLIST_FILE = SmokelessToday/Info.plist;
				IPHONEOS_DEPLOYMENT_TARGET = 8.0;
				LD_RUNPATH_SEARCH_PATHS = "$(inherited) @executable_path/Frameworks @executable_path/../../Frameworks";
				MTL_ENABLE_DEBUG_INFO = YES;
				PRODUCT_NAME = "$(TARGET_NAME)";
				SKIP_INSTALL = YES;
				SUFFIX_BUNDLE_ID = "-debug";
				SWIFT_OPTIMIZATION_LEVEL = "-Onone";
				TARGETED_DEVICE_FAMILY = "1,2";
			};
			name = Debug;
		};
		56DAD9D91B87D6F500C2937C /* Release */ = {
			isa = XCBuildConfiguration;
			buildSettings = {
				ALWAYS_SEARCH_USER_PATHS = NO;
				CLANG_CXX_LANGUAGE_STANDARD = "gnu++0x";
				CLANG_CXX_LIBRARY = "libc++";
				CLANG_ENABLE_MODULES = YES;
				CLANG_ENABLE_OBJC_ARC = YES;
				CLANG_WARN_BOOL_CONVERSION = YES;
				CLANG_WARN_CONSTANT_CONVERSION = YES;
				CLANG_WARN_DIRECT_OBJC_ISA_USAGE = YES_ERROR;
				CLANG_WARN_EMPTY_BODY = YES;
				CLANG_WARN_ENUM_CONVERSION = YES;
				CLANG_WARN_INT_CONVERSION = YES;
				CLANG_WARN_OBJC_ROOT_CLASS = YES_ERROR;
				CLANG_WARN_UNREACHABLE_CODE = YES;
				CLANG_WARN__DUPLICATE_METHOD_MATCH = YES;
				COPY_PHASE_STRIP = NO;
				DEBUG_INFORMATION_FORMAT = "dwarf-with-dsym";
				ENABLE_NS_ASSERTIONS = NO;
				ENABLE_STRICT_OBJC_MSGSEND = YES;
				GCC_C_LANGUAGE_STANDARD = gnu99;
				GCC_NO_COMMON_BLOCKS = YES;
				GCC_WARN_64_TO_32_BIT_CONVERSION = YES;
				GCC_WARN_ABOUT_RETURN_TYPE = YES_ERROR;
				GCC_WARN_UNDECLARED_SELECTOR = YES;
				GCC_WARN_UNINITIALIZED_AUTOS = YES_AGGRESSIVE;
				GCC_WARN_UNUSED_FUNCTION = YES;
				INFOPLIST_FILE = SmokelessToday/Info.plist;
				IPHONEOS_DEPLOYMENT_TARGET = 8.0;
				LD_RUNPATH_SEARCH_PATHS = "$(inherited) @executable_path/Frameworks @executable_path/../../Frameworks";
				MTL_ENABLE_DEBUG_INFO = NO;
				PRODUCT_NAME = "$(TARGET_NAME)";
				SKIP_INSTALL = YES;
				SUFFIX_BUNDLE_ID = "";
				TARGETED_DEVICE_FAMILY = "1,2";
			};
			name = Release;
		};
		56F1578E1B8530FC0007E588 /* Debug */ = {
			isa = XCBuildConfiguration;
			buildSettings = {
				ALWAYS_SEARCH_USER_PATHS = NO;
				APPLICATION_EXTENSION_API_ONLY = YES;
				CLANG_CXX_LANGUAGE_STANDARD = "gnu++0x";
				CLANG_CXX_LIBRARY = "libc++";
				CLANG_ENABLE_MODULES = YES;
				CLANG_ENABLE_OBJC_ARC = YES;
				CLANG_WARN_BOOL_CONVERSION = YES;
				CLANG_WARN_CONSTANT_CONVERSION = YES;
				CLANG_WARN_DIRECT_OBJC_ISA_USAGE = YES_ERROR;
				CLANG_WARN_EMPTY_BODY = YES;
				CLANG_WARN_ENUM_CONVERSION = YES;
				CLANG_WARN_INT_CONVERSION = YES;
				CLANG_WARN_OBJC_ROOT_CLASS = YES_ERROR;
				CLANG_WARN_UNREACHABLE_CODE = YES;
				CLANG_WARN__DUPLICATE_METHOD_MATCH = YES;
				COPY_PHASE_STRIP = NO;
				CURRENT_PROJECT_VERSION = 1;
				DEBUG_INFORMATION_FORMAT = "dwarf-with-dsym";
				DEFINES_MODULE = YES;
				DYLIB_COMPATIBILITY_VERSION = 1;
				DYLIB_CURRENT_VERSION = 1;
				DYLIB_INSTALL_NAME_BASE = "@rpath";
				ENABLE_STRICT_OBJC_MSGSEND = YES;
				GCC_C_LANGUAGE_STANDARD = gnu99;
				GCC_DYNAMIC_NO_PIC = NO;
				GCC_NO_COMMON_BLOCKS = YES;
				GCC_OPTIMIZATION_LEVEL = 0;
				GCC_PREPROCESSOR_DEFINITIONS = (
					"DEBUG=1",
					"$(inherited)",
				);
				GCC_SYMBOLS_PRIVATE_EXTERN = NO;
				GCC_WARN_64_TO_32_BIT_CONVERSION = YES;
				GCC_WARN_ABOUT_RETURN_TYPE = YES_ERROR;
				GCC_WARN_UNDECLARED_SELECTOR = YES;
				GCC_WARN_UNINITIALIZED_AUTOS = YES_AGGRESSIVE;
				GCC_WARN_UNUSED_FUNCTION = YES;
				INFOPLIST_FILE = SmokelessKit/Info.plist;
				INSTALL_PATH = "$(LOCAL_LIBRARY_DIR)/Frameworks";
				IPHONEOS_DEPLOYMENT_TARGET = 8.0;
				LD_RUNPATH_SEARCH_PATHS = "$(inherited) @executable_path/Frameworks @loader_path/Frameworks";
				MTL_ENABLE_DEBUG_INFO = YES;
				PRODUCT_NAME = "$(TARGET_NAME)";
				SKIP_INSTALL = YES;
				TARGETED_DEVICE_FAMILY = "1,2";
				VERSIONING_SYSTEM = "apple-generic";
				VERSION_INFO_PREFIX = "";
			};
			name = Debug;
		};
		56F1578F1B8530FC0007E588 /* Release */ = {
			isa = XCBuildConfiguration;
			buildSettings = {
				ALWAYS_SEARCH_USER_PATHS = NO;
				APPLICATION_EXTENSION_API_ONLY = YES;
				CLANG_CXX_LANGUAGE_STANDARD = "gnu++0x";
				CLANG_CXX_LIBRARY = "libc++";
				CLANG_ENABLE_MODULES = YES;
				CLANG_ENABLE_OBJC_ARC = YES;
				CLANG_WARN_BOOL_CONVERSION = YES;
				CLANG_WARN_CONSTANT_CONVERSION = YES;
				CLANG_WARN_DIRECT_OBJC_ISA_USAGE = YES_ERROR;
				CLANG_WARN_EMPTY_BODY = YES;
				CLANG_WARN_ENUM_CONVERSION = YES;
				CLANG_WARN_INT_CONVERSION = YES;
				CLANG_WARN_OBJC_ROOT_CLASS = YES_ERROR;
				CLANG_WARN_UNREACHABLE_CODE = YES;
				CLANG_WARN__DUPLICATE_METHOD_MATCH = YES;
				"CODE_SIGN_IDENTITY[sdk=iphoneos*]" = "iPhone Developer";
				COPY_PHASE_STRIP = NO;
				CURRENT_PROJECT_VERSION = 1;
				DEBUG_INFORMATION_FORMAT = "dwarf-with-dsym";
				DEFINES_MODULE = YES;
				DYLIB_COMPATIBILITY_VERSION = 1;
				DYLIB_CURRENT_VERSION = 1;
				DYLIB_INSTALL_NAME_BASE = "@rpath";
				ENABLE_NS_ASSERTIONS = NO;
				ENABLE_STRICT_OBJC_MSGSEND = YES;
				GCC_C_LANGUAGE_STANDARD = gnu99;
				GCC_NO_COMMON_BLOCKS = YES;
				GCC_WARN_64_TO_32_BIT_CONVERSION = YES;
				GCC_WARN_ABOUT_RETURN_TYPE = YES_ERROR;
				GCC_WARN_UNDECLARED_SELECTOR = YES;
				GCC_WARN_UNINITIALIZED_AUTOS = YES_AGGRESSIVE;
				GCC_WARN_UNUSED_FUNCTION = YES;
				INFOPLIST_FILE = SmokelessKit/Info.plist;
				INSTALL_PATH = "$(LOCAL_LIBRARY_DIR)/Frameworks";
				IPHONEOS_DEPLOYMENT_TARGET = 8.0;
				LD_RUNPATH_SEARCH_PATHS = "$(inherited) @executable_path/Frameworks @loader_path/Frameworks";
				MTL_ENABLE_DEBUG_INFO = NO;
				PRODUCT_NAME = "$(TARGET_NAME)";
				SKIP_INSTALL = YES;
				TARGETED_DEVICE_FAMILY = "1,2";
				VERSIONING_SYSTEM = "apple-generic";
				VERSION_INFO_PREFIX = "";
			};
			name = Release;
		};
		56F157901B8530FC0007E588 /* Debug */ = {
			isa = XCBuildConfiguration;
			buildSettings = {
				ALWAYS_SEARCH_USER_PATHS = NO;
				CLANG_CXX_LANGUAGE_STANDARD = "gnu++0x";
				CLANG_CXX_LIBRARY = "libc++";
				CLANG_ENABLE_MODULES = YES;
				CLANG_ENABLE_OBJC_ARC = YES;
				CLANG_WARN_BOOL_CONVERSION = YES;
				CLANG_WARN_CONSTANT_CONVERSION = YES;
				CLANG_WARN_DIRECT_OBJC_ISA_USAGE = YES_ERROR;
				CLANG_WARN_EMPTY_BODY = YES;
				CLANG_WARN_ENUM_CONVERSION = YES;
				CLANG_WARN_INT_CONVERSION = YES;
				CLANG_WARN_OBJC_ROOT_CLASS = YES_ERROR;
				CLANG_WARN_UNREACHABLE_CODE = YES;
				CLANG_WARN__DUPLICATE_METHOD_MATCH = YES;
				COPY_PHASE_STRIP = NO;
				DEBUG_INFORMATION_FORMAT = "dwarf-with-dsym";
				ENABLE_STRICT_OBJC_MSGSEND = YES;
				FRAMEWORK_SEARCH_PATHS = (
					"$(SDKROOT)/Developer/Library/Frameworks",
					"$(inherited)",
				);
				GCC_C_LANGUAGE_STANDARD = gnu99;
				GCC_DYNAMIC_NO_PIC = NO;
				GCC_NO_COMMON_BLOCKS = YES;
				GCC_OPTIMIZATION_LEVEL = 0;
				GCC_PREPROCESSOR_DEFINITIONS = (
					"DEBUG=1",
					"$(inherited)",
				);
				GCC_SYMBOLS_PRIVATE_EXTERN = NO;
				GCC_WARN_64_TO_32_BIT_CONVERSION = YES;
				GCC_WARN_ABOUT_RETURN_TYPE = YES_ERROR;
				GCC_WARN_UNDECLARED_SELECTOR = YES;
				GCC_WARN_UNINITIALIZED_AUTOS = YES_AGGRESSIVE;
				GCC_WARN_UNUSED_FUNCTION = YES;
				INFOPLIST_FILE = SmokelessKitTests/Info.plist;
				IPHONEOS_DEPLOYMENT_TARGET = 8.4;
				LD_RUNPATH_SEARCH_PATHS = "$(inherited) @executable_path/Frameworks @loader_path/Frameworks";
				MTL_ENABLE_DEBUG_INFO = YES;
				PRODUCT_NAME = "$(TARGET_NAME)";
				TEST_HOST = "$(BUILT_PRODUCTS_DIR)/Smokeless.app/Smokeless";
			};
			name = Debug;
		};
		56F157911B8530FC0007E588 /* Release */ = {
			isa = XCBuildConfiguration;
			buildSettings = {
				ALWAYS_SEARCH_USER_PATHS = NO;
				CLANG_CXX_LANGUAGE_STANDARD = "gnu++0x";
				CLANG_CXX_LIBRARY = "libc++";
				CLANG_ENABLE_MODULES = YES;
				CLANG_ENABLE_OBJC_ARC = YES;
				CLANG_WARN_BOOL_CONVERSION = YES;
				CLANG_WARN_CONSTANT_CONVERSION = YES;
				CLANG_WARN_DIRECT_OBJC_ISA_USAGE = YES_ERROR;
				CLANG_WARN_EMPTY_BODY = YES;
				CLANG_WARN_ENUM_CONVERSION = YES;
				CLANG_WARN_INT_CONVERSION = YES;
				CLANG_WARN_OBJC_ROOT_CLASS = YES_ERROR;
				CLANG_WARN_UNREACHABLE_CODE = YES;
				CLANG_WARN__DUPLICATE_METHOD_MATCH = YES;
				"CODE_SIGN_IDENTITY[sdk=iphoneos*]" = "iPhone Developer";
				COPY_PHASE_STRIP = NO;
				DEBUG_INFORMATION_FORMAT = "dwarf-with-dsym";
				ENABLE_NS_ASSERTIONS = NO;
				ENABLE_STRICT_OBJC_MSGSEND = YES;
				FRAMEWORK_SEARCH_PATHS = (
					"$(SDKROOT)/Developer/Library/Frameworks",
					"$(inherited)",
				);
				GCC_C_LANGUAGE_STANDARD = gnu99;
				GCC_NO_COMMON_BLOCKS = YES;
				GCC_WARN_64_TO_32_BIT_CONVERSION = YES;
				GCC_WARN_ABOUT_RETURN_TYPE = YES_ERROR;
				GCC_WARN_UNDECLARED_SELECTOR = YES;
				GCC_WARN_UNINITIALIZED_AUTOS = YES_AGGRESSIVE;
				GCC_WARN_UNUSED_FUNCTION = YES;
				INFOPLIST_FILE = SmokelessKitTests/Info.plist;
				IPHONEOS_DEPLOYMENT_TARGET = 8.4;
				LD_RUNPATH_SEARCH_PATHS = "$(inherited) @executable_path/Frameworks @loader_path/Frameworks";
				MTL_ENABLE_DEBUG_INFO = NO;
				PRODUCT_NAME = "$(TARGET_NAME)";
				TEST_HOST = "$(BUILT_PRODUCTS_DIR)/Smokeless.app/Smokeless";
			};
			name = Release;
		};
		C01FCF4F08A954540054247B /* Debug */ = {
			isa = XCBuildConfiguration;
			buildSettings = {
				CLANG_WARN_SUSPICIOUS_IMPLICIT_CONVERSION = NO;
				"CODE_SIGN_IDENTITY[sdk=iphoneos*]" = "iPhone Developer";
				CURRENT_PROJECT_VERSION = "";
				DEFINES_MODULE = YES;
				GCC_C_LANGUAGE_STANDARD = c99;
				GCC_PREPROCESSOR_DEFINITIONS = "DEBUG=1";
				GCC_VERSION = "";
				GCC_WARN_ABOUT_RETURN_TYPE = YES;
				GCC_WARN_UNUSED_VARIABLE = YES;
				IPHONEOS_DEPLOYMENT_TARGET = 8.0;
				ONLY_ACTIVE_ARCH = YES;
				OTHER_CFLAGS = "";
				"PROVISIONING_PROFILE[sdk=iphoneos*]" = "";
				SDKROOT = iphoneos;
				VERSIONING_SYSTEM = "";
			};
			name = Debug;
		};
		C01FCF5008A954540054247B /* Release */ = {
			isa = XCBuildConfiguration;
			buildSettings = {
				CLANG_WARN_SUSPICIOUS_IMPLICIT_CONVERSION = NO;
				"CODE_SIGN_IDENTITY[sdk=iphoneos*]" = "iPhone Distribution";
				CURRENT_PROJECT_VERSION = "";
				DEFINES_MODULE = YES;
				GCC_C_LANGUAGE_STANDARD = c99;
				GCC_VERSION = "";
				GCC_WARN_ABOUT_RETURN_TYPE = YES;
				GCC_WARN_UNUSED_VARIABLE = YES;
				IPHONEOS_DEPLOYMENT_TARGET = 8.0;
				ONLY_ACTIVE_ARCH = NO;
				OTHER_CFLAGS = "-DNS_BLOCK_ASSERTIONS=1";
				"PROVISIONING_PROFILE[sdk=iphoneos*]" = "";
				SDKROOT = iphoneos;
				VALIDATE_PRODUCT = YES;
				VERSIONING_SYSTEM = "";
			};
			name = Release;
		};
/* End XCBuildConfiguration section */

/* Begin XCConfigurationList section */
		1D6058960D05DD3E006BFB54 /* Build configuration list for PBXNativeTarget "Smokeless" */ = {
			isa = XCConfigurationList;
			buildConfigurations = (
				1D6058940D05DD3E006BFB54 /* Debug */,
				1D6058950D05DD3E006BFB54 /* Release */,
			);
			defaultConfigurationIsVisible = 0;
			defaultConfigurationName = Release;
		};
		56DAD9DA1B87D6F500C2937C /* Build configuration list for PBXNativeTarget "SmokelessToday" */ = {
			isa = XCConfigurationList;
			buildConfigurations = (
				56DAD9D81B87D6F500C2937C /* Debug */,
				56DAD9D91B87D6F500C2937C /* Release */,
			);
			defaultConfigurationIsVisible = 0;
		};
		56F157921B8530FC0007E588 /* Build configuration list for PBXNativeTarget "SmokelessKit" */ = {
			isa = XCConfigurationList;
			buildConfigurations = (
				56F1578E1B8530FC0007E588 /* Debug */,
				56F1578F1B8530FC0007E588 /* Release */,
			);
			defaultConfigurationIsVisible = 0;
			defaultConfigurationName = Release;
		};
		56F157941B8530FC0007E588 /* Build configuration list for PBXNativeTarget "SmokelessKitTests" */ = {
			isa = XCConfigurationList;
			buildConfigurations = (
				56F157901B8530FC0007E588 /* Debug */,
				56F157911B8530FC0007E588 /* Release */,
			);
			defaultConfigurationIsVisible = 0;
			defaultConfigurationName = Release;
		};
		C01FCF4E08A954540054247B /* Build configuration list for PBXProject "Smokeless" */ = {
			isa = XCConfigurationList;
			buildConfigurations = (
				C01FCF4F08A954540054247B /* Debug */,
				C01FCF5008A954540054247B /* Release */,
			);
			defaultConfigurationIsVisible = 0;
			defaultConfigurationName = Release;
		};
/* End XCConfigurationList section */
	};
	rootObject = 29B97313FDCFA39411CA2CEA /* Project object */;
}
