// !$*UTF8*$!
{
	archiveVersion = 1;
	classes = {
	};
	objectVersion = 46;
	objects = {

/* Begin PBXBuildFile section */
		1D60589F0D05DD5A006BFB54 /* Foundation.framework in Frameworks */ = {isa = PBXBuildFile; fileRef = 1D30AB110D05D00D00671497 /* Foundation.framework */; };
		1DF5F4E00D08C38300B7A737 /* UIKit.framework in Frameworks */ = {isa = PBXBuildFile; fileRef = 1DF5F4DF0D08C38300B7A737 /* UIKit.framework */; };
		288765080DF74369002DB57D /* CoreGraphics.framework in Frameworks */ = {isa = PBXBuildFile; fileRef = 288765070DF74369002DB57D /* CoreGraphics.framework */; };
		560DCAB012EBB7DB0023BD7F /* MessageUI.framework in Frameworks */ = {isa = PBXBuildFile; fileRef = 560DCAAF12EBB7DB0023BD7F /* MessageUI.framework */; };
		5648488416066CD700E891E6 /* Default-568h@2x.png in Resources */ = {isa = PBXBuildFile; fileRef = 5648488316066CD700E891E6 /* Default-568h@2x.png */; };
		56565A521390E8160087E5C4 /* CFNetwork.framework in Frameworks */ = {isa = PBXBuildFile; fileRef = 56565A511390E8160087E5C4 /* CFNetwork.framework */; };
		56565A541390E8240087E5C4 /* SystemConfiguration.framework in Frameworks */ = {isa = PBXBuildFile; fileRef = 56565A531390E8240087E5C4 /* SystemConfiguration.framework */; };
		566B376415BBFE1F0026821C /* AboutViewController.m in Sources */ = {isa = PBXBuildFile; fileRef = 566B372A15BBFE1F0026821C /* AboutViewController.m */; };
		566B376515BBFE1F0026821C /* Achievement.m in Sources */ = {isa = PBXBuildFile; fileRef = 566B372C15BBFE1F0026821C /* Achievement.m */; };
		566B376615BBFE1F0026821C /* AchievementsViewController.m in Sources */ = {isa = PBXBuildFile; fileRef = 566B372E15BBFE1F0026821C /* AchievementsViewController.m */; };
		566B376715BBFE1F0026821C /* AchievementsViewController.xib in Resources */ = {isa = PBXBuildFile; fileRef = 566B372F15BBFE1F0026821C /* AchievementsViewController.xib */; };
		566B376815BBFE1F0026821C /* CalendarView.m in Sources */ = {isa = PBXBuildFile; fileRef = 566B373115BBFE1F0026821C /* CalendarView.m */; };
		566B376915BBFE1F0026821C /* ChalkboardView.m in Sources */ = {isa = PBXBuildFile; fileRef = 566B373315BBFE1F0026821C /* ChalkboardView.m */; };
		566B376A15BBFE1F0026821C /* CounterViewController.m in Sources */ = {isa = PBXBuildFile; fileRef = 566B373515BBFE1F0026821C /* CounterViewController.m */; };
		566B376B15BBFE1F0026821C /* CreditsViewController.m in Sources */ = {isa = PBXBuildFile; fileRef = 566B373715BBFE1F0026821C /* CreditsViewController.m */; };
		566B376C15BBFE1F0026821C /* DisplayView.m in Sources */ = {isa = PBXBuildFile; fileRef = 566B373915BBFE1F0026821C /* DisplayView.m */; };
		566B376D15BBFE1F0026821C /* HabitsCellController.m in Sources */ = {isa = PBXBuildFile; fileRef = 566B373B15BBFE1F0026821C /* HabitsCellController.m */; };
		566B376E15BBFE1F0026821C /* HealthTableView.m in Sources */ = {isa = PBXBuildFile; fileRef = 566B373D15BBFE1F0026821C /* HealthTableView.m */; };
		566B376F15BBFE1F0026821C /* LastCigaretteController.m in Sources */ = {isa = PBXBuildFile; fileRef = 566B373F15BBFE1F0026821C /* LastCigaretteController.m */; };
		566B377015BBFE1F0026821C /* main.m in Sources */ = {isa = PBXBuildFile; fileRef = 566B374015BBFE1F0026821C /* main.m */; };
		566B377115BBFE1F0026821C /* MPCell.m in Sources */ = {isa = PBXBuildFile; fileRef = 566B374215BBFE1F0026821C /* MPCell.m */; };
		566B377215BBFE1F0026821C /* MPDisclosureIndicator.m in Sources */ = {isa = PBXBuildFile; fileRef = 566B374515BBFE1F0026821C /* MPDisclosureIndicator.m */; };
		566B377315BBFE1F0026821C /* MPGraphics.m in Sources */ = {isa = PBXBuildFile; fileRef = 566B374715BBFE1F0026821C /* MPGraphics.m */; };
		566B377415BBFE1F0026821C /* MPTableViewCell.m in Sources */ = {isa = PBXBuildFile; fileRef = 566B374915BBFE1F0026821C /* MPTableViewCell.m */; };
		566B377515BBFE1F0026821C /* NoteView.m in Sources */ = {isa = PBXBuildFile; fileRef = 566B374C15BBFE1F0026821C /* NoteView.m */; };
		566B377615BBFE1F0026821C /* PreferencesManager.m in Sources */ = {isa = PBXBuildFile; fileRef = 566B374E15BBFE1F0026821C /* PreferencesManager.m */; };
		566B377715BBFE1F0026821C /* PriceCellController.m in Sources */ = {isa = PBXBuildFile; fileRef = 566B375015BBFE1F0026821C /* PriceCellController.m */; };
		566B377815BBFE1F0026821C /* SavingsSettingsController.m in Sources */ = {isa = PBXBuildFile; fileRef = 566B375215BBFE1F0026821C /* SavingsSettingsController.m */; };
		566B377915BBFE1F0026821C /* SavingsViewController.m in Sources */ = {isa = PBXBuildFile; fileRef = 566B375415BBFE1F0026821C /* SavingsViewController.m */; };
		566B377A15BBFE1F0026821C /* SettingCellController.m in Sources */ = {isa = PBXBuildFile; fileRef = 566B375615BBFE1F0026821C /* SettingCellController.m */; };
		566B377B15BBFE1F0026821C /* SettingsViewController.m in Sources */ = {isa = PBXBuildFile; fileRef = 566B375815BBFE1F0026821C /* SettingsViewController.m */; };
		566B377C15BBFE1F0026821C /* ShadowCellController.m in Sources */ = {isa = PBXBuildFile; fileRef = 566B375A15BBFE1F0026821C /* ShadowCellController.m */; };
		566B377D15BBFE1F0026821C /* SizeCellController.m in Sources */ = {isa = PBXBuildFile; fileRef = 566B375C15BBFE1F0026821C /* SizeCellController.m */; };
		566B377E15BBFE1F0026821C /* SmokelessAppDelegate.m in Sources */ = {isa = PBXBuildFile; fileRef = 566B375F15BBFE1F0026821C /* SmokelessAppDelegate.m */; };
		566B377F15BBFE1F0026821C /* SmokingCellBackgroundView.m in Sources */ = {isa = PBXBuildFile; fileRef = 566B376115BBFE1F0026821C /* SmokingCellBackgroundView.m */; };
		566B378015BBFE1F0026821C /* TwitterViewController.m in Sources */ = {isa = PBXBuildFile; fileRef = 566B376315BBFE1F0026821C /* TwitterViewController.m */; };
		566B37F815BC137B0026821C /* Localizable.strings in Resources */ = {isa = PBXBuildFile; fileRef = 566B37C915BC02430026821C /* Localizable.strings */; };
		566B37F915BC137B0026821C /* TitleCalendar.png in Resources */ = {isa = PBXBuildFile; fileRef = 566B37CB15BC02430026821C /* TitleCalendar.png */; };
		566B37FA15BC137B0026821C /* TitleCalendar@2x.png in Resources */ = {isa = PBXBuildFile; fileRef = 566B37CD15BC02430026821C /* TitleCalendar@2x.png */; };
		566B37FB15BC137B0026821C /* TitleChalkboard.png in Resources */ = {isa = PBXBuildFile; fileRef = 566B37CF15BC02430026821C /* TitleChalkboard.png */; };
		566B37FC15BC137B0026821C /* TitleChalkboard@2x.png in Resources */ = {isa = PBXBuildFile; fileRef = 566B37D115BC02430026821C /* TitleChalkboard@2x.png */; };
		566B385715BC16C80026821C /* AchievementCompleted.png in Resources */ = {isa = PBXBuildFile; fileRef = 566B37FD15BC16C20026821C /* AchievementCompleted.png */; };
		566B385815BC16C80026821C /* AchievementCompleted@2x.png in Resources */ = {isa = PBXBuildFile; fileRef = 566B37FE15BC16C30026821C /* AchievementCompleted@2x.png */; };
		566B385915BC16C80026821C /* AchievementPending0.png in Resources */ = {isa = PBXBuildFile; fileRef = 566B37FF15BC16C30026821C /* AchievementPending0.png */; };
		566B385A15BC16C80026821C /* AchievementPending0@2x.png in Resources */ = {isa = PBXBuildFile; fileRef = 566B380015BC16C30026821C /* AchievementPending0@2x.png */; };
		566B385B15BC16C80026821C /* AchievementPending1.png in Resources */ = {isa = PBXBuildFile; fileRef = 566B380115BC16C30026821C /* AchievementPending1.png */; };
		566B385C15BC16C80026821C /* AchievementPending1@2x.png in Resources */ = {isa = PBXBuildFile; fileRef = 566B380215BC16C30026821C /* AchievementPending1@2x.png */; };
		566B385D15BC16C80026821C /* AchievementPending2.png in Resources */ = {isa = PBXBuildFile; fileRef = 566B380315BC16C30026821C /* AchievementPending2.png */; };
		566B385E15BC16C80026821C /* AchievementPending2@2x.png in Resources */ = {isa = PBXBuildFile; fileRef = 566B380415BC16C30026821C /* AchievementPending2@2x.png */; };
		566B385F15BC16C80026821C /* AchievementPending3.png in Resources */ = {isa = PBXBuildFile; fileRef = 566B380515BC16C30026821C /* AchievementPending3.png */; };
		566B386015BC16C80026821C /* AchievementPending3@2x.png in Resources */ = {isa = PBXBuildFile; fileRef = 566B380615BC16C30026821C /* AchievementPending3@2x.png */; };
		566B386115BC16C80026821C /* AchievementPending4.png in Resources */ = {isa = PBXBuildFile; fileRef = 566B380715BC16C40026821C /* AchievementPending4.png */; };
		566B386215BC16C80026821C /* AchievementPending4@2x.png in Resources */ = {isa = PBXBuildFile; fileRef = 566B380815BC16C40026821C /* AchievementPending4@2x.png */; };
		566B386315BC16C80026821C /* AchievementPending5.png in Resources */ = {isa = PBXBuildFile; fileRef = 566B380915BC16C40026821C /* AchievementPending5.png */; };
		566B386415BC16C80026821C /* AchievementPending5@2x.png in Resources */ = {isa = PBXBuildFile; fileRef = 566B380A15BC16C40026821C /* AchievementPending5@2x.png */; };
		566B386515BC16C80026821C /* AchievementPending6.png in Resources */ = {isa = PBXBuildFile; fileRef = 566B380B15BC16C40026821C /* AchievementPending6.png */; };
		566B386615BC16C80026821C /* AchievementPending6@2x.png in Resources */ = {isa = PBXBuildFile; fileRef = 566B380C15BC16C40026821C /* AchievementPending6@2x.png */; };
		566B386715BC16C80026821C /* AchievementPending7.png in Resources */ = {isa = PBXBuildFile; fileRef = 566B380D15BC16C40026821C /* AchievementPending7.png */; };
		566B386815BC16C80026821C /* AchievementPending7@2x.png in Resources */ = {isa = PBXBuildFile; fileRef = 566B380E15BC16C40026821C /* AchievementPending7@2x.png */; };
		566B386915BC16C80026821C /* AchievementWaiting.png in Resources */ = {isa = PBXBuildFile; fileRef = 566B380F15BC16C40026821C /* AchievementWaiting.png */; };
		566B386A15BC16C80026821C /* AchievementWaiting@2x.png in Resources */ = {isa = PBXBuildFile; fileRef = 566B381015BC16C40026821C /* AchievementWaiting@2x.png */; };
		566B386B15BC16C80026821C /* ArrowLeft.png in Resources */ = {isa = PBXBuildFile; fileRef = 566B381115BC16C40026821C /* ArrowLeft.png */; };
		566B386C15BC16C80026821C /* ArrowLeft@2x.png in Resources */ = {isa = PBXBuildFile; fileRef = 566B381215BC16C40026821C /* ArrowLeft@2x.png */; };
		566B386F15BC16C80026821C /* ButtonCalcNormal.png in Resources */ = {isa = PBXBuildFile; fileRef = 566B381515BC16C50026821C /* ButtonCalcNormal.png */; };
		566B387015BC16C80026821C /* ButtonCalcNormal@2x.png in Resources */ = {isa = PBXBuildFile; fileRef = 566B381615BC16C50026821C /* ButtonCalcNormal@2x.png */; };
		566B387115BC16C80026821C /* ButtonCancelNormal.png in Resources */ = {isa = PBXBuildFile; fileRef = 566B381715BC16C50026821C /* ButtonCancelNormal.png */; };
		566B387215BC16C80026821C /* ButtonCancelNormal@2x.png in Resources */ = {isa = PBXBuildFile; fileRef = 566B381815BC16C50026821C /* ButtonCancelNormal@2x.png */; };
		566B387315BC16C80026821C /* ButtonEditNormal.png in Resources */ = {isa = PBXBuildFile; fileRef = 566B381915BC16C50026821C /* ButtonEditNormal.png */; };
		566B387415BC16C80026821C /* ButtonEditNormal@2x.png in Resources */ = {isa = PBXBuildFile; fileRef = 566B381A15BC16C50026821C /* ButtonEditNormal@2x.png */; };
		566B387515BC16C80026821C /* ButtonEditPressed.png in Resources */ = {isa = PBXBuildFile; fileRef = 566B381B15BC16C50026821C /* ButtonEditPressed.png */; };
		566B387615BC16C80026821C /* ButtonEditPressed@2x.png in Resources */ = {isa = PBXBuildFile; fileRef = 566B381C15BC16C50026821C /* ButtonEditPressed@2x.png */; };
		566B387715BC16C80026821C /* ButtonNextNormal.png in Resources */ = {isa = PBXBuildFile; fileRef = 566B381D15BC16C50026821C /* ButtonNextNormal.png */; };
		566B387815BC16C80026821C /* ButtonNextNormal@2x.png in Resources */ = {isa = PBXBuildFile; fileRef = 566B381E15BC16C50026821C /* ButtonNextNormal@2x.png */; };
		566B387915BC16C80026821C /* ButtonNextPressed.png in Resources */ = {isa = PBXBuildFile; fileRef = 566B381F15BC16C50026821C /* ButtonNextPressed.png */; };
		566B387A15BC16C80026821C /* ButtonNextPressed@2x.png in Resources */ = {isa = PBXBuildFile; fileRef = 566B382015BC16C60026821C /* ButtonNextPressed@2x.png */; };
		566B387B15BC16C80026821C /* ButtonPrevNormal.png in Resources */ = {isa = PBXBuildFile; fileRef = 566B382115BC16C60026821C /* ButtonPrevNormal.png */; };
		566B387C15BC16C80026821C /* ButtonPrevNormal@2x.png in Resources */ = {isa = PBXBuildFile; fileRef = 566B382215BC16C60026821C /* ButtonPrevNormal@2x.png */; };
		566B387D15BC16C80026821C /* ButtonPrevPressed.png in Resources */ = {isa = PBXBuildFile; fileRef = 566B382315BC16C60026821C /* ButtonPrevPressed.png */; };
		566B387E15BC16C80026821C /* ButtonPrevPressed@2x.png in Resources */ = {isa = PBXBuildFile; fileRef = 566B382415BC16C60026821C /* ButtonPrevPressed@2x.png */; };
		566B387F15BC16C80026821C /* ButtonSaveNormal.png in Resources */ = {isa = PBXBuildFile; fileRef = 566B382515BC16C60026821C /* ButtonSaveNormal.png */; };
		566B388015BC16C80026821C /* ButtonSaveNormal@2x.png in Resources */ = {isa = PBXBuildFile; fileRef = 566B382615BC16C60026821C /* ButtonSaveNormal@2x.png */; };
		566B388115BC16C80026821C /* ButtonToolsNormal.png in Resources */ = {isa = PBXBuildFile; fileRef = 566B382715BC16C60026821C /* ButtonToolsNormal.png */; };
		566B388215BC16C80026821C /* ButtonToolsNormal@2x.png in Resources */ = {isa = PBXBuildFile; fileRef = 566B382815BC16C60026821C /* ButtonToolsNormal@2x.png */; };
		566B388315BC16C80026821C /* ButtonToolsPressed.png in Resources */ = {isa = PBXBuildFile; fileRef = 566B382915BC16C60026821C /* ButtonToolsPressed.png */; };
		566B388415BC16C80026821C /* ButtonToolsPressed@2x.png in Resources */ = {isa = PBXBuildFile; fileRef = 566B382A15BC16C60026821C /* ButtonToolsPressed@2x.png */; };
		566B388515BC16C80026821C /* ButtonTweetNormal.png in Resources */ = {isa = PBXBuildFile; fileRef = 566B382B15BC16C60026821C /* ButtonTweetNormal.png */; };
		566B388615BC16C80026821C /* ButtonTweetNormal@2x.png in Resources */ = {isa = PBXBuildFile; fileRef = 566B382C15BC16C60026821C /* ButtonTweetNormal@2x.png */; };
		566B388715BC16C80026821C /* ButtonTweetPressed.png in Resources */ = {isa = PBXBuildFile; fileRef = 566B382D15BC16C60026821C /* ButtonTweetPressed.png */; };
		566B388815BC16C80026821C /* ButtonTweetPressed@2x.png in Resources */ = {isa = PBXBuildFile; fileRef = 566B382E15BC16C60026821C /* ButtonTweetPressed@2x.png */; };
		566B388915BC16C80026821C /* Calendar.png in Resources */ = {isa = PBXBuildFile; fileRef = 566B382F15BC16C60026821C /* Calendar.png */; };
		566B388A15BC16C80026821C /* Calendar@2x.png in Resources */ = {isa = PBXBuildFile; fileRef = 566B383015BC16C60026821C /* Calendar@2x.png */; };
		566B388B15BC16C80026821C /* Chalkboard.png in Resources */ = {isa = PBXBuildFile; fileRef = 566B383115BC16C70026821C /* Chalkboard.png */; };
		566B388C15BC16C80026821C /* Chalkboard@2x.png in Resources */ = {isa = PBXBuildFile; fileRef = 566B383215BC16C70026821C /* Chalkboard@2x.png */; };
		566B388D15BC16C80026821C /* Chalkduster.ttf in Resources */ = {isa = PBXBuildFile; fileRef = 566B383315BC16C70026821C /* Chalkduster.ttf */; };
		566B388E15BC16C80026821C /* Default.png in Resources */ = {isa = PBXBuildFile; fileRef = 566B383415BC16C70026821C /* Default.png */; };
		566B388F15BC16C80026821C /* Default@2x.png in Resources */ = {isa = PBXBuildFile; fileRef = 566B383515BC16C70026821C /* Default@2x.png */; };
		566B389015BC16C80026821C /* HealthTableViewCell_completed.png in Resources */ = {isa = PBXBuildFile; fileRef = 566B383615BC16C70026821C /* HealthTableViewCell_completed.png */; };
		566B389115BC16C80026821C /* HealthTableViewCell_completed@2x.png in Resources */ = {isa = PBXBuildFile; fileRef = 566B383715BC16C70026821C /* HealthTableViewCell_completed@2x.png */; };
		566B389215BC16C80026821C /* HealthTableViewCell_next.png in Resources */ = {isa = PBXBuildFile; fileRef = 566B383815BC16C70026821C /* HealthTableViewCell_next.png */; };
		566B389315BC16C80026821C /* HealthTableViewCell_next@2x.png in Resources */ = {isa = PBXBuildFile; fileRef = 566B383915BC16C70026821C /* HealthTableViewCell_next@2x.png */; };
		566B389415BC16C80026821C /* HealthTableViewCell_waiting.png in Resources */ = {isa = PBXBuildFile; fileRef = 566B383A15BC16C70026821C /* HealthTableViewCell_waiting.png */; };
		566B389515BC16C80026821C /* HealthTableViewCell_waiting@2x.png in Resources */ = {isa = PBXBuildFile; fileRef = 566B383B15BC16C70026821C /* HealthTableViewCell_waiting@2x.png */; };
		566B389615BC16C80026821C /* Icon-72.png in Resources */ = {isa = PBXBuildFile; fileRef = 566B383C15BC16C70026821C /* Icon-72.png */; };
		566B389715BC16C80026821C /* Icon-Small-50.png in Resources */ = {isa = PBXBuildFile; fileRef = 566B383D15BC16C70026821C /* Icon-Small-50.png */; };
		566B389815BC16C80026821C /* Icon-Small.png in Resources */ = {isa = PBXBuildFile; fileRef = 566B383E15BC16C70026821C /* Icon-Small.png */; };
		566B389915BC16C80026821C /* Icon-Small@2x.png in Resources */ = {isa = PBXBuildFile; fileRef = 566B383F15BC16C70026821C /* Icon-Small@2x.png */; };
		566B389A15BC16C80026821C /* Icon.png in Resources */ = {isa = PBXBuildFile; fileRef = 566B384015BC16C70026821C /* Icon.png */; };
		566B389B15BC16C80026821C /* Icon@2x.png in Resources */ = {isa = PBXBuildFile; fileRef = 566B384115BC16C70026821C /* Icon@2x.png */; };
		566B389C15BC16C80026821C /* iTunesArtwork in Resources */ = {isa = PBXBuildFile; fileRef = 566B384215BC16C70026821C /* iTunesArtwork */; };
		566B389E15BC16C80026821C /* Note.png in Resources */ = {isa = PBXBuildFile; fileRef = 566B384415BC16C70026821C /* Note.png */; };
		566B389F15BC16C80026821C /* Note@2x.png in Resources */ = {isa = PBXBuildFile; fileRef = 566B384515BC16C70026821C /* Note@2x.png */; };
		566B38A015BC16C80026821C /* Packet.png in Resources */ = {isa = PBXBuildFile; fileRef = 566B384615BC16C70026821C /* Packet.png */; };
		566B38A115BC16C80026821C /* Packet@2x.png in Resources */ = {isa = PBXBuildFile; fileRef = 566B384715BC16C70026821C /* Packet@2x.png */; };
		566B38A215BC16C80026821C /* Savings.png in Resources */ = {isa = PBXBuildFile; fileRef = 566B384815BC16C70026821C /* Savings.png */; };
		566B38A315BC16C80026821C /* Savings@2x.png in Resources */ = {isa = PBXBuildFile; fileRef = 566B384915BC16C70026821C /* Savings@2x.png */; };
		566B38A415BC16C80026821C /* SmokingCell.png in Resources */ = {isa = PBXBuildFile; fileRef = 566B384A15BC16C80026821C /* SmokingCell.png */; };
		566B38A515BC16C80026821C /* SmokingCell@2x.png in Resources */ = {isa = PBXBuildFile; fileRef = 566B384B15BC16C80026821C /* SmokingCell@2x.png */; };
		566B38A615BC16C80026821C /* TabIconCounter.png in Resources */ = {isa = PBXBuildFile; fileRef = 566B384C15BC16C80026821C /* TabIconCounter.png */; };
		566B38A715BC16C80026821C /* TabIconCounter@2x.png in Resources */ = {isa = PBXBuildFile; fileRef = 566B384D15BC16C80026821C /* TabIconCounter@2x.png */; };
		566B38A815BC16C80026821C /* TabIconHealth.png in Resources */ = {isa = PBXBuildFile; fileRef = 566B384E15BC16C80026821C /* TabIconHealth.png */; };
		566B38A915BC16C80026821C /* TabIconHealth@2x.png in Resources */ = {isa = PBXBuildFile; fileRef = 566B384F15BC16C80026821C /* TabIconHealth@2x.png */; };
		566B38AA15BC16C80026821C /* TabIconSavings.png in Resources */ = {isa = PBXBuildFile; fileRef = 566B385015BC16C80026821C /* TabIconSavings.png */; };
		566B38AB15BC16C80026821C /* TabIconSavings@2x.png in Resources */ = {isa = PBXBuildFile; fileRef = 566B385115BC16C80026821C /* TabIconSavings@2x.png */; };
		566B38AC15BC16C80026821C /* TabIconSettings.png in Resources */ = {isa = PBXBuildFile; fileRef = 566B385215BC16C80026821C /* TabIconSettings.png */; };
		566B38AD15BC16C80026821C /* TabIconSettings@2x.png in Resources */ = {isa = PBXBuildFile; fileRef = 566B385315BC16C80026821C /* TabIconSettings@2x.png */; };
		566B38AE15BC16C80026821C /* Tinkle.m4a in Resources */ = {isa = PBXBuildFile; fileRef = 566B385415BC16C80026821C /* Tinkle.m4a */; };
		566B38AF15BC16C80026821C /* TitleAbout.png in Resources */ = {isa = PBXBuildFile; fileRef = 566B385515BC16C80026821C /* TitleAbout.png */; };
		566B38B015BC16C80026821C /* TitleAbout@2x.png in Resources */ = {isa = PBXBuildFile; fileRef = 566B385615BC16C80026821C /* TitleAbout@2x.png */; };
		566B38BB15BC19210026821C /* Appirater.m in Sources */ = {isa = PBXBuildFile; fileRef = 566B38B715BC19210026821C /* Appirater.m */; settings = {COMPILER_FLAGS = "-fno-objc-arc"; }; };
		566B38BC15BC19210026821C /* MBProgressHUD.m in Sources */ = {isa = PBXBuildFile; fileRef = 566B38BA15BC19210026821C /* MBProgressHUD.m */; settings = {COMPILER_FLAGS = "-fno-objc-arc"; }; };
		5683F273132ED18100C733AC /* AVFoundation.framework in Frameworks */ = {isa = PBXBuildFile; fileRef = 5683F272132ED18100C733AC /* AVFoundation.framework */; };
		56B0C26115D6E38B00A7538D /* Icon-72@2x.png in Resources */ = {isa = PBXBuildFile; fileRef = 56B0C25F15D6E38B00A7538D /* Icon-72@2x.png */; };
		56B0C26215D6E38B00A7538D /* Icon-Small-50@2x.png in Resources */ = {isa = PBXBuildFile; fileRef = 56B0C26015D6E38B00A7538D /* Icon-Small-50@2x.png */; };
		56B0C26415D6E3A000A7538D /* iTunesArtwork@2x in Resources */ = {isa = PBXBuildFile; fileRef = 56B0C26315D6E3A000A7538D /* iTunesArtwork@2x */; };
		56B42BD01606772500BCF224 /* BackgroundPattern@2x.png in Resources */ = {isa = PBXBuildFile; fileRef = 56B42BCF1606772500BCF224 /* BackgroundPattern@2x.png */; };
		56B42BD21606776400BCF224 /* BackgroundPattern.png in Resources */ = {isa = PBXBuildFile; fileRef = 56B42BD11606776400BCF224 /* BackgroundPattern.png */; };
		56E4E6DC130F295300BA743C /* QuartzCore.framework in Frameworks */ = {isa = PBXBuildFile; fileRef = 56E4E6DB130F295300BA743C /* QuartzCore.framework */; };
		56F52C5B15185FAD007D838C /* Twitter.framework in Frameworks */ = {isa = PBXBuildFile; fileRef = 56F52C5A15185FAC007D838C /* Twitter.framework */; };
/* End PBXBuildFile section */

/* Begin PBXFileReference section */
		1D30AB110D05D00D00671497 /* Foundation.framework */ = {isa = PBXFileReference; lastKnownFileType = wrapper.framework; name = Foundation.framework; path = System/Library/Frameworks/Foundation.framework; sourceTree = SDKROOT; };
		1D6058910D05DD3D006BFB54 /* Smokeless.app */ = {isa = PBXFileReference; explicitFileType = wrapper.application; includeInIndex = 0; path = Smokeless.app; sourceTree = BUILT_PRODUCTS_DIR; };
		1DF5F4DF0D08C38300B7A737 /* UIKit.framework */ = {isa = PBXFileReference; lastKnownFileType = wrapper.framework; name = UIKit.framework; path = System/Library/Frameworks/UIKit.framework; sourceTree = SDKROOT; };
		288765070DF74369002DB57D /* CoreGraphics.framework */ = {isa = PBXFileReference; lastKnownFileType = wrapper.framework; name = CoreGraphics.framework; path = System/Library/Frameworks/CoreGraphics.framework; sourceTree = SDKROOT; };
		560DCAAF12EBB7DB0023BD7F /* MessageUI.framework */ = {isa = PBXFileReference; lastKnownFileType = wrapper.framework; name = MessageUI.framework; path = System/Library/Frameworks/MessageUI.framework; sourceTree = SDKROOT; };
		5648488316066CD700E891E6 /* Default-568h@2x.png */ = {isa = PBXFileReference; lastKnownFileType = image.png; path = "Default-568h@2x.png"; sourceTree = "<group>"; };
		56565A511390E8160087E5C4 /* CFNetwork.framework */ = {isa = PBXFileReference; lastKnownFileType = wrapper.framework; name = CFNetwork.framework; path = System/Library/Frameworks/CFNetwork.framework; sourceTree = SDKROOT; };
		56565A531390E8240087E5C4 /* SystemConfiguration.framework */ = {isa = PBXFileReference; lastKnownFileType = wrapper.framework; name = SystemConfiguration.framework; path = System/Library/Frameworks/SystemConfiguration.framework; sourceTree = SDKROOT; };
		566B372915BBFE1F0026821C /* AboutViewController.h */ = {isa = PBXFileReference; fileEncoding = 4; lastKnownFileType = sourcecode.c.h; path = AboutViewController.h; sourceTree = "<group>"; };
		566B372A15BBFE1F0026821C /* AboutViewController.m */ = {isa = PBXFileReference; fileEncoding = 4; lastKnownFileType = sourcecode.c.objc; path = AboutViewController.m; sourceTree = "<group>"; };
		566B372B15BBFE1F0026821C /* Achievement.h */ = {isa = PBXFileReference; fileEncoding = 4; lastKnownFileType = sourcecode.c.h; path = Achievement.h; sourceTree = "<group>"; };
		566B372C15BBFE1F0026821C /* Achievement.m */ = {isa = PBXFileReference; fileEncoding = 4; lastKnownFileType = sourcecode.c.objc; path = Achievement.m; sourceTree = "<group>"; };
		566B372D15BBFE1F0026821C /* AchievementsViewController.h */ = {isa = PBXFileReference; fileEncoding = 4; lastKnownFileType = sourcecode.c.h; path = AchievementsViewController.h; sourceTree = "<group>"; };
		566B372E15BBFE1F0026821C /* AchievementsViewController.m */ = {isa = PBXFileReference; fileEncoding = 4; lastKnownFileType = sourcecode.c.objc; path = AchievementsViewController.m; sourceTree = "<group>"; };
		566B372F15BBFE1F0026821C /* AchievementsViewController.xib */ = {isa = PBXFileReference; fileEncoding = 4; lastKnownFileType = file.xib; path = AchievementsViewController.xib; sourceTree = "<group>"; };
		566B373015BBFE1F0026821C /* CalendarView.h */ = {isa = PBXFileReference; fileEncoding = 4; lastKnownFileType = sourcecode.c.h; path = CalendarView.h; sourceTree = "<group>"; };
		566B373115BBFE1F0026821C /* CalendarView.m */ = {isa = PBXFileReference; fileEncoding = 4; lastKnownFileType = sourcecode.c.objc; path = CalendarView.m; sourceTree = "<group>"; };
		566B373215BBFE1F0026821C /* ChalkboardView.h */ = {isa = PBXFileReference; fileEncoding = 4; lastKnownFileType = sourcecode.c.h; path = ChalkboardView.h; sourceTree = "<group>"; };
		566B373315BBFE1F0026821C /* ChalkboardView.m */ = {isa = PBXFileReference; fileEncoding = 4; lastKnownFileType = sourcecode.c.objc; path = ChalkboardView.m; sourceTree = "<group>"; };
		566B373415BBFE1F0026821C /* CounterViewController.h */ = {isa = PBXFileReference; fileEncoding = 4; lastKnownFileType = sourcecode.c.h; path = CounterViewController.h; sourceTree = "<group>"; };
		566B373515BBFE1F0026821C /* CounterViewController.m */ = {isa = PBXFileReference; fileEncoding = 4; lastKnownFileType = sourcecode.c.objc; path = CounterViewController.m; sourceTree = "<group>"; };
		566B373615BBFE1F0026821C /* CreditsViewController.h */ = {isa = PBXFileReference; fileEncoding = 4; lastKnownFileType = sourcecode.c.h; path = CreditsViewController.h; sourceTree = "<group>"; };
		566B373715BBFE1F0026821C /* CreditsViewController.m */ = {isa = PBXFileReference; fileEncoding = 4; lastKnownFileType = sourcecode.c.objc; path = CreditsViewController.m; sourceTree = "<group>"; };
		566B373815BBFE1F0026821C /* DisplayView.h */ = {isa = PBXFileReference; fileEncoding = 4; lastKnownFileType = sourcecode.c.h; path = DisplayView.h; sourceTree = "<group>"; };
		566B373915BBFE1F0026821C /* DisplayView.m */ = {isa = PBXFileReference; fileEncoding = 4; lastKnownFileType = sourcecode.c.objc; path = DisplayView.m; sourceTree = "<group>"; };
		566B373A15BBFE1F0026821C /* HabitsCellController.h */ = {isa = PBXFileReference; fileEncoding = 4; lastKnownFileType = sourcecode.c.h; path = HabitsCellController.h; sourceTree = "<group>"; };
		566B373B15BBFE1F0026821C /* HabitsCellController.m */ = {isa = PBXFileReference; fileEncoding = 4; lastKnownFileType = sourcecode.c.objc; path = HabitsCellController.m; sourceTree = "<group>"; };
		566B373C15BBFE1F0026821C /* HealthTableView.h */ = {isa = PBXFileReference; fileEncoding = 4; lastKnownFileType = sourcecode.c.h; path = HealthTableView.h; sourceTree = "<group>"; };
		566B373D15BBFE1F0026821C /* HealthTableView.m */ = {isa = PBXFileReference; fileEncoding = 4; lastKnownFileType = sourcecode.c.objc; path = HealthTableView.m; sourceTree = "<group>"; };
		566B373E15BBFE1F0026821C /* LastCigaretteController.h */ = {isa = PBXFileReference; fileEncoding = 4; lastKnownFileType = sourcecode.c.h; path = LastCigaretteController.h; sourceTree = "<group>"; };
		566B373F15BBFE1F0026821C /* LastCigaretteController.m */ = {isa = PBXFileReference; fileEncoding = 4; lastKnownFileType = sourcecode.c.objc; path = LastCigaretteController.m; sourceTree = "<group>"; };
		566B374015BBFE1F0026821C /* main.m */ = {isa = PBXFileReference; fileEncoding = 4; lastKnownFileType = sourcecode.c.objc; path = main.m; sourceTree = "<group>"; };
		566B374115BBFE1F0026821C /* MPCell.h */ = {isa = PBXFileReference; fileEncoding = 4; lastKnownFileType = sourcecode.c.h; path = MPCell.h; sourceTree = "<group>"; };
		566B374215BBFE1F0026821C /* MPCell.m */ = {isa = PBXFileReference; fileEncoding = 4; lastKnownFileType = sourcecode.c.objc; path = MPCell.m; sourceTree = "<group>"; };
		566B374315BBFE1F0026821C /* MPDefines.h */ = {isa = PBXFileReference; fileEncoding = 4; lastKnownFileType = sourcecode.c.h; path = MPDefines.h; sourceTree = "<group>"; };
		566B374415BBFE1F0026821C /* MPDisclosureIndicator.h */ = {isa = PBXFileReference; fileEncoding = 4; lastKnownFileType = sourcecode.c.h; path = MPDisclosureIndicator.h; sourceTree = "<group>"; };
		566B374515BBFE1F0026821C /* MPDisclosureIndicator.m */ = {isa = PBXFileReference; fileEncoding = 4; lastKnownFileType = sourcecode.c.objc; path = MPDisclosureIndicator.m; sourceTree = "<group>"; };
		566B374615BBFE1F0026821C /* MPGraphics.h */ = {isa = PBXFileReference; fileEncoding = 4; lastKnownFileType = sourcecode.c.h; path = MPGraphics.h; sourceTree = "<group>"; };
		566B374715BBFE1F0026821C /* MPGraphics.m */ = {isa = PBXFileReference; fileEncoding = 4; lastKnownFileType = sourcecode.c.objc; path = MPGraphics.m; sourceTree = "<group>"; };
		566B374815BBFE1F0026821C /* MPTableViewCell.h */ = {isa = PBXFileReference; fileEncoding = 4; lastKnownFileType = sourcecode.c.h; path = MPTableViewCell.h; sourceTree = "<group>"; };
		566B374915BBFE1F0026821C /* MPTableViewCell.m */ = {isa = PBXFileReference; fileEncoding = 4; lastKnownFileType = sourcecode.c.objc; path = MPTableViewCell.m; sourceTree = "<group>"; };
		566B374A15BBFE1F0026821C /* MPToolkit.h */ = {isa = PBXFileReference; fileEncoding = 4; lastKnownFileType = sourcecode.c.h; path = MPToolkit.h; sourceTree = "<group>"; };
		566B374B15BBFE1F0026821C /* NoteView.h */ = {isa = PBXFileReference; fileEncoding = 4; lastKnownFileType = sourcecode.c.h; path = NoteView.h; sourceTree = "<group>"; };
		566B374C15BBFE1F0026821C /* NoteView.m */ = {isa = PBXFileReference; fileEncoding = 4; lastKnownFileType = sourcecode.c.objc; path = NoteView.m; sourceTree = "<group>"; };
		566B374D15BBFE1F0026821C /* PreferencesManager.h */ = {isa = PBXFileReference; fileEncoding = 4; lastKnownFileType = sourcecode.c.h; path = PreferencesManager.h; sourceTree = "<group>"; };
		566B374E15BBFE1F0026821C /* PreferencesManager.m */ = {isa = PBXFileReference; fileEncoding = 4; lastKnownFileType = sourcecode.c.objc; path = PreferencesManager.m; sourceTree = "<group>"; };
		566B374F15BBFE1F0026821C /* PriceCellController.h */ = {isa = PBXFileReference; fileEncoding = 4; lastKnownFileType = sourcecode.c.h; path = PriceCellController.h; sourceTree = "<group>"; };
		566B375015BBFE1F0026821C /* PriceCellController.m */ = {isa = PBXFileReference; fileEncoding = 4; lastKnownFileType = sourcecode.c.objc; path = PriceCellController.m; sourceTree = "<group>"; };
		566B375115BBFE1F0026821C /* SavingsSettingsController.h */ = {isa = PBXFileReference; fileEncoding = 4; lastKnownFileType = sourcecode.c.h; path = SavingsSettingsController.h; sourceTree = "<group>"; };
		566B375215BBFE1F0026821C /* SavingsSettingsController.m */ = {isa = PBXFileReference; fileEncoding = 4; lastKnownFileType = sourcecode.c.objc; path = SavingsSettingsController.m; sourceTree = "<group>"; };
		566B375315BBFE1F0026821C /* SavingsViewController.h */ = {isa = PBXFileReference; fileEncoding = 4; lastKnownFileType = sourcecode.c.h; path = SavingsViewController.h; sourceTree = "<group>"; };
		566B375415BBFE1F0026821C /* SavingsViewController.m */ = {isa = PBXFileReference; fileEncoding = 4; lastKnownFileType = sourcecode.c.objc; path = SavingsViewController.m; sourceTree = "<group>"; };
		566B375515BBFE1F0026821C /* SettingCellController.h */ = {isa = PBXFileReference; fileEncoding = 4; lastKnownFileType = sourcecode.c.h; path = SettingCellController.h; sourceTree = "<group>"; };
		566B375615BBFE1F0026821C /* SettingCellController.m */ = {isa = PBXFileReference; fileEncoding = 4; lastKnownFileType = sourcecode.c.objc; path = SettingCellController.m; sourceTree = "<group>"; };
		566B375715BBFE1F0026821C /* SettingsViewController.h */ = {isa = PBXFileReference; fileEncoding = 4; lastKnownFileType = sourcecode.c.h; path = SettingsViewController.h; sourceTree = "<group>"; };
		566B375815BBFE1F0026821C /* SettingsViewController.m */ = {isa = PBXFileReference; fileEncoding = 4; lastKnownFileType = sourcecode.c.objc; path = SettingsViewController.m; sourceTree = "<group>"; };
		566B375915BBFE1F0026821C /* ShadowCellController.h */ = {isa = PBXFileReference; fileEncoding = 4; lastKnownFileType = sourcecode.c.h; path = ShadowCellController.h; sourceTree = "<group>"; };
		566B375A15BBFE1F0026821C /* ShadowCellController.m */ = {isa = PBXFileReference; fileEncoding = 4; lastKnownFileType = sourcecode.c.objc; path = ShadowCellController.m; sourceTree = "<group>"; };
		566B375B15BBFE1F0026821C /* SizeCellController.h */ = {isa = PBXFileReference; fileEncoding = 4; lastKnownFileType = sourcecode.c.h; path = SizeCellController.h; sourceTree = "<group>"; };
		566B375C15BBFE1F0026821C /* SizeCellController.m */ = {isa = PBXFileReference; fileEncoding = 4; lastKnownFileType = sourcecode.c.objc; path = SizeCellController.m; sourceTree = "<group>"; };
		566B375D15BBFE1F0026821C /* Smokeless_Prefix.pch */ = {isa = PBXFileReference; fileEncoding = 4; lastKnownFileType = sourcecode.c.h; path = Smokeless_Prefix.pch; sourceTree = "<group>"; };
		566B375E15BBFE1F0026821C /* SmokelessAppDelegate.h */ = {isa = PBXFileReference; fileEncoding = 4; lastKnownFileType = sourcecode.c.h; path = SmokelessAppDelegate.h; sourceTree = "<group>"; };
		566B375F15BBFE1F0026821C /* SmokelessAppDelegate.m */ = {isa = PBXFileReference; fileEncoding = 4; lastKnownFileType = sourcecode.c.objc; path = SmokelessAppDelegate.m; sourceTree = "<group>"; };
		566B376015BBFE1F0026821C /* SmokingCellBackgroundView.h */ = {isa = PBXFileReference; fileEncoding = 4; lastKnownFileType = sourcecode.c.h; path = SmokingCellBackgroundView.h; sourceTree = "<group>"; };
		566B376115BBFE1F0026821C /* SmokingCellBackgroundView.m */ = {isa = PBXFileReference; fileEncoding = 4; lastKnownFileType = sourcecode.c.objc; path = SmokingCellBackgroundView.m; sourceTree = "<group>"; };
		566B376215BBFE1F0026821C /* TwitterViewController.h */ = {isa = PBXFileReference; fileEncoding = 4; lastKnownFileType = sourcecode.c.h; path = TwitterViewController.h; sourceTree = "<group>"; };
		566B376315BBFE1F0026821C /* TwitterViewController.m */ = {isa = PBXFileReference; fileEncoding = 4; lastKnownFileType = sourcecode.c.objc; path = TwitterViewController.m; sourceTree = "<group>"; };
		566B378715BC00BB0026821C /* Smokeless-Info.plist */ = {isa = PBXFileReference; fileEncoding = 4; lastKnownFileType = text.plist.xml; path = "Smokeless-Info.plist"; sourceTree = "<group>"; };
		566B37CA15BC02430026821C /* de */ = {isa = PBXFileReference; lastKnownFileType = text.plist.strings; name = de; path = de.lproj/Localizable.strings; sourceTree = "<group>"; };
		566B37CC15BC02430026821C /* de */ = {isa = PBXFileReference; lastKnownFileType = image.png; name = de; path = de.lproj/TitleCalendar.png; sourceTree = "<group>"; };
		566B37CE15BC02430026821C /* de */ = {isa = PBXFileReference; lastKnownFileType = image.png; name = de; path = "de.lproj/TitleCalendar@2x.png"; sourceTree = "<group>"; };
		566B37D015BC02430026821C /* de */ = {isa = PBXFileReference; lastKnownFileType = image.png; name = de; path = de.lproj/TitleChalkboard.png; sourceTree = "<group>"; };
		566B37D215BC02430026821C /* de */ = {isa = PBXFileReference; lastKnownFileType = image.png; name = de; path = "de.lproj/TitleChalkboard@2x.png"; sourceTree = "<group>"; };
		566B37D815BC02560026821C /* en */ = {isa = PBXFileReference; lastKnownFileType = text.plist.strings; name = en; path = en.lproj/Localizable.strings; sourceTree = "<group>"; };
		566B37D915BC02560026821C /* en */ = {isa = PBXFileReference; lastKnownFileType = image.png; name = en; path = en.lproj/TitleCalendar.png; sourceTree = "<group>"; };
		566B37DA15BC02560026821C /* en */ = {isa = PBXFileReference; lastKnownFileType = image.png; name = en; path = "en.lproj/TitleCalendar@2x.png"; sourceTree = "<group>"; };
		566B37DB15BC02560026821C /* en */ = {isa = PBXFileReference; lastKnownFileType = image.png; name = en; path = en.lproj/TitleChalkboard.png; sourceTree = "<group>"; };
		566B37DC15BC02560026821C /* en */ = {isa = PBXFileReference; lastKnownFileType = image.png; name = en; path = "en.lproj/TitleChalkboard@2x.png"; sourceTree = "<group>"; };
		566B37E215BC02640026821C /* es */ = {isa = PBXFileReference; lastKnownFileType = text.plist.strings; name = es; path = es.lproj/Localizable.strings; sourceTree = "<group>"; };
		566B37E315BC02640026821C /* es */ = {isa = PBXFileReference; lastKnownFileType = image.png; name = es; path = es.lproj/TitleCalendar.png; sourceTree = "<group>"; };
		566B37E415BC02640026821C /* es */ = {isa = PBXFileReference; lastKnownFileType = image.png; name = es; path = "es.lproj/TitleCalendar@2x.png"; sourceTree = "<group>"; };
		566B37E515BC02640026821C /* es */ = {isa = PBXFileReference; lastKnownFileType = image.png; name = es; path = es.lproj/TitleChalkboard.png; sourceTree = "<group>"; };
		566B37E615BC02640026821C /* es */ = {isa = PBXFileReference; lastKnownFileType = image.png; name = es; path = "es.lproj/TitleChalkboard@2x.png"; sourceTree = "<group>"; };
		566B37EC15BC02740026821C /* it */ = {isa = PBXFileReference; lastKnownFileType = text.plist.strings; name = it; path = it.lproj/Localizable.strings; sourceTree = "<group>"; };
		566B37ED15BC02740026821C /* it */ = {isa = PBXFileReference; lastKnownFileType = image.png; name = it; path = it.lproj/TitleCalendar.png; sourceTree = "<group>"; };
		566B37EE15BC02740026821C /* it */ = {isa = PBXFileReference; lastKnownFileType = image.png; name = it; path = "it.lproj/TitleCalendar@2x.png"; sourceTree = "<group>"; };
		566B37EF15BC02740026821C /* it */ = {isa = PBXFileReference; lastKnownFileType = image.png; name = it; path = it.lproj/TitleChalkboard.png; sourceTree = "<group>"; };
		566B37F015BC02740026821C /* it */ = {isa = PBXFileReference; lastKnownFileType = image.png; name = it; path = "it.lproj/TitleChalkboard@2x.png"; sourceTree = "<group>"; };
		566B37FD15BC16C20026821C /* AchievementCompleted.png */ = {isa = PBXFileReference; lastKnownFileType = image.png; path = AchievementCompleted.png; sourceTree = "<group>"; };
		566B37FE15BC16C30026821C /* AchievementCompleted@2x.png */ = {isa = PBXFileReference; lastKnownFileType = image.png; path = "AchievementCompleted@2x.png"; sourceTree = "<group>"; };
		566B37FF15BC16C30026821C /* AchievementPending0.png */ = {isa = PBXFileReference; lastKnownFileType = image.png; path = AchievementPending0.png; sourceTree = "<group>"; };
		566B380015BC16C30026821C /* AchievementPending0@2x.png */ = {isa = PBXFileReference; lastKnownFileType = image.png; path = "AchievementPending0@2x.png"; sourceTree = "<group>"; };
		566B380115BC16C30026821C /* AchievementPending1.png */ = {isa = PBXFileReference; lastKnownFileType = image.png; path = AchievementPending1.png; sourceTree = "<group>"; };
		566B380215BC16C30026821C /* AchievementPending1@2x.png */ = {isa = PBXFileReference; lastKnownFileType = image.png; path = "AchievementPending1@2x.png"; sourceTree = "<group>"; };
		566B380315BC16C30026821C /* AchievementPending2.png */ = {isa = PBXFileReference; lastKnownFileType = image.png; path = AchievementPending2.png; sourceTree = "<group>"; };
		566B380415BC16C30026821C /* AchievementPending2@2x.png */ = {isa = PBXFileReference; lastKnownFileType = image.png; path = "AchievementPending2@2x.png"; sourceTree = "<group>"; };
		566B380515BC16C30026821C /* AchievementPending3.png */ = {isa = PBXFileReference; lastKnownFileType = image.png; path = AchievementPending3.png; sourceTree = "<group>"; };
		566B380615BC16C30026821C /* AchievementPending3@2x.png */ = {isa = PBXFileReference; lastKnownFileType = image.png; path = "AchievementPending3@2x.png"; sourceTree = "<group>"; };
		566B380715BC16C40026821C /* AchievementPending4.png */ = {isa = PBXFileReference; lastKnownFileType = image.png; path = AchievementPending4.png; sourceTree = "<group>"; };
		566B380815BC16C40026821C /* AchievementPending4@2x.png */ = {isa = PBXFileReference; lastKnownFileType = image.png; path = "AchievementPending4@2x.png"; sourceTree = "<group>"; };
		566B380915BC16C40026821C /* AchievementPending5.png */ = {isa = PBXFileReference; lastKnownFileType = image.png; path = AchievementPending5.png; sourceTree = "<group>"; };
		566B380A15BC16C40026821C /* AchievementPending5@2x.png */ = {isa = PBXFileReference; lastKnownFileType = image.png; path = "AchievementPending5@2x.png"; sourceTree = "<group>"; };
		566B380B15BC16C40026821C /* AchievementPending6.png */ = {isa = PBXFileReference; lastKnownFileType = image.png; path = AchievementPending6.png; sourceTree = "<group>"; };
		566B380C15BC16C40026821C /* AchievementPending6@2x.png */ = {isa = PBXFileReference; lastKnownFileType = image.png; path = "AchievementPending6@2x.png"; sourceTree = "<group>"; };
		566B380D15BC16C40026821C /* AchievementPending7.png */ = {isa = PBXFileReference; lastKnownFileType = image.png; path = AchievementPending7.png; sourceTree = "<group>"; };
		566B380E15BC16C40026821C /* AchievementPending7@2x.png */ = {isa = PBXFileReference; lastKnownFileType = image.png; path = "AchievementPending7@2x.png"; sourceTree = "<group>"; };
		566B380F15BC16C40026821C /* AchievementWaiting.png */ = {isa = PBXFileReference; lastKnownFileType = image.png; path = AchievementWaiting.png; sourceTree = "<group>"; };
		566B381015BC16C40026821C /* AchievementWaiting@2x.png */ = {isa = PBXFileReference; lastKnownFileType = image.png; path = "AchievementWaiting@2x.png"; sourceTree = "<group>"; };
		566B381115BC16C40026821C /* ArrowLeft.png */ = {isa = PBXFileReference; lastKnownFileType = image.png; path = ArrowLeft.png; sourceTree = "<group>"; };
		566B381215BC16C40026821C /* ArrowLeft@2x.png */ = {isa = PBXFileReference; lastKnownFileType = image.png; path = "ArrowLeft@2x.png"; sourceTree = "<group>"; };
		566B381515BC16C50026821C /* ButtonCalcNormal.png */ = {isa = PBXFileReference; lastKnownFileType = image.png; path = ButtonCalcNormal.png; sourceTree = "<group>"; };
		566B381615BC16C50026821C /* ButtonCalcNormal@2x.png */ = {isa = PBXFileReference; lastKnownFileType = image.png; path = "ButtonCalcNormal@2x.png"; sourceTree = "<group>"; };
		566B381715BC16C50026821C /* ButtonCancelNormal.png */ = {isa = PBXFileReference; lastKnownFileType = image.png; path = ButtonCancelNormal.png; sourceTree = "<group>"; };
		566B381815BC16C50026821C /* ButtonCancelNormal@2x.png */ = {isa = PBXFileReference; lastKnownFileType = image.png; path = "ButtonCancelNormal@2x.png"; sourceTree = "<group>"; };
		566B381915BC16C50026821C /* ButtonEditNormal.png */ = {isa = PBXFileReference; lastKnownFileType = image.png; path = ButtonEditNormal.png; sourceTree = "<group>"; };
		566B381A15BC16C50026821C /* ButtonEditNormal@2x.png */ = {isa = PBXFileReference; lastKnownFileType = image.png; path = "ButtonEditNormal@2x.png"; sourceTree = "<group>"; };
		566B381B15BC16C50026821C /* ButtonEditPressed.png */ = {isa = PBXFileReference; lastKnownFileType = image.png; path = ButtonEditPressed.png; sourceTree = "<group>"; };
		566B381C15BC16C50026821C /* ButtonEditPressed@2x.png */ = {isa = PBXFileReference; lastKnownFileType = image.png; path = "ButtonEditPressed@2x.png"; sourceTree = "<group>"; };
		566B381D15BC16C50026821C /* ButtonNextNormal.png */ = {isa = PBXFileReference; lastKnownFileType = image.png; path = ButtonNextNormal.png; sourceTree = "<group>"; };
		566B381E15BC16C50026821C /* ButtonNextNormal@2x.png */ = {isa = PBXFileReference; lastKnownFileType = image.png; path = "ButtonNextNormal@2x.png"; sourceTree = "<group>"; };
		566B381F15BC16C50026821C /* ButtonNextPressed.png */ = {isa = PBXFileReference; lastKnownFileType = image.png; path = ButtonNextPressed.png; sourceTree = "<group>"; };
		566B382015BC16C60026821C /* ButtonNextPressed@2x.png */ = {isa = PBXFileReference; lastKnownFileType = image.png; path = "ButtonNextPressed@2x.png"; sourceTree = "<group>"; };
		566B382115BC16C60026821C /* ButtonPrevNormal.png */ = {isa = PBXFileReference; lastKnownFileType = image.png; path = ButtonPrevNormal.png; sourceTree = "<group>"; };
		566B382215BC16C60026821C /* ButtonPrevNormal@2x.png */ = {isa = PBXFileReference; lastKnownFileType = image.png; path = "ButtonPrevNormal@2x.png"; sourceTree = "<group>"; };
		566B382315BC16C60026821C /* ButtonPrevPressed.png */ = {isa = PBXFileReference; lastKnownFileType = image.png; path = ButtonPrevPressed.png; sourceTree = "<group>"; };
		566B382415BC16C60026821C /* ButtonPrevPressed@2x.png */ = {isa = PBXFileReference; lastKnownFileType = image.png; path = "ButtonPrevPressed@2x.png"; sourceTree = "<group>"; };
		566B382515BC16C60026821C /* ButtonSaveNormal.png */ = {isa = PBXFileReference; lastKnownFileType = image.png; path = ButtonSaveNormal.png; sourceTree = "<group>"; };
		566B382615BC16C60026821C /* ButtonSaveNormal@2x.png */ = {isa = PBXFileReference; lastKnownFileType = image.png; path = "ButtonSaveNormal@2x.png"; sourceTree = "<group>"; };
		566B382715BC16C60026821C /* ButtonToolsNormal.png */ = {isa = PBXFileReference; lastKnownFileType = image.png; path = ButtonToolsNormal.png; sourceTree = "<group>"; };
		566B382815BC16C60026821C /* ButtonToolsNormal@2x.png */ = {isa = PBXFileReference; lastKnownFileType = image.png; path = "ButtonToolsNormal@2x.png"; sourceTree = "<group>"; };
		566B382915BC16C60026821C /* ButtonToolsPressed.png */ = {isa = PBXFileReference; lastKnownFileType = image.png; path = ButtonToolsPressed.png; sourceTree = "<group>"; };
		566B382A15BC16C60026821C /* ButtonToolsPressed@2x.png */ = {isa = PBXFileReference; lastKnownFileType = image.png; path = "ButtonToolsPressed@2x.png"; sourceTree = "<group>"; };
		566B382B15BC16C60026821C /* ButtonTweetNormal.png */ = {isa = PBXFileReference; lastKnownFileType = image.png; path = ButtonTweetNormal.png; sourceTree = "<group>"; };
		566B382C15BC16C60026821C /* ButtonTweetNormal@2x.png */ = {isa = PBXFileReference; lastKnownFileType = image.png; path = "ButtonTweetNormal@2x.png"; sourceTree = "<group>"; };
		566B382D15BC16C60026821C /* ButtonTweetPressed.png */ = {isa = PBXFileReference; lastKnownFileType = image.png; path = ButtonTweetPressed.png; sourceTree = "<group>"; };
		566B382E15BC16C60026821C /* ButtonTweetPressed@2x.png */ = {isa = PBXFileReference; lastKnownFileType = image.png; path = "ButtonTweetPressed@2x.png"; sourceTree = "<group>"; };
		566B382F15BC16C60026821C /* Calendar.png */ = {isa = PBXFileReference; lastKnownFileType = image.png; path = Calendar.png; sourceTree = "<group>"; };
		566B383015BC16C60026821C /* Calendar@2x.png */ = {isa = PBXFileReference; lastKnownFileType = image.png; path = "Calendar@2x.png"; sourceTree = "<group>"; };
		566B383115BC16C70026821C /* Chalkboard.png */ = {isa = PBXFileReference; lastKnownFileType = image.png; path = Chalkboard.png; sourceTree = "<group>"; };
		566B383215BC16C70026821C /* Chalkboard@2x.png */ = {isa = PBXFileReference; lastKnownFileType = image.png; path = "Chalkboard@2x.png"; sourceTree = "<group>"; };
		566B383315BC16C70026821C /* Chalkduster.ttf */ = {isa = PBXFileReference; lastKnownFileType = file; path = Chalkduster.ttf; sourceTree = "<group>"; };
		566B383415BC16C70026821C /* Default.png */ = {isa = PBXFileReference; lastKnownFileType = image.png; path = Default.png; sourceTree = "<group>"; };
		566B383515BC16C70026821C /* Default@2x.png */ = {isa = PBXFileReference; lastKnownFileType = image.png; path = "Default@2x.png"; sourceTree = "<group>"; };
		566B383615BC16C70026821C /* HealthTableViewCell_completed.png */ = {isa = PBXFileReference; lastKnownFileType = image.png; path = HealthTableViewCell_completed.png; sourceTree = "<group>"; };
		566B383715BC16C70026821C /* HealthTableViewCell_completed@2x.png */ = {isa = PBXFileReference; lastKnownFileType = image.png; path = "HealthTableViewCell_completed@2x.png"; sourceTree = "<group>"; };
		566B383815BC16C70026821C /* HealthTableViewCell_next.png */ = {isa = PBXFileReference; lastKnownFileType = image.png; path = HealthTableViewCell_next.png; sourceTree = "<group>"; };
		566B383915BC16C70026821C /* HealthTableViewCell_next@2x.png */ = {isa = PBXFileReference; lastKnownFileType = image.png; path = "HealthTableViewCell_next@2x.png"; sourceTree = "<group>"; };
		566B383A15BC16C70026821C /* HealthTableViewCell_waiting.png */ = {isa = PBXFileReference; lastKnownFileType = image.png; path = HealthTableViewCell_waiting.png; sourceTree = "<group>"; };
		566B383B15BC16C70026821C /* HealthTableViewCell_waiting@2x.png */ = {isa = PBXFileReference; lastKnownFileType = image.png; path = "HealthTableViewCell_waiting@2x.png"; sourceTree = "<group>"; };
		566B383C15BC16C70026821C /* Icon-72.png */ = {isa = PBXFileReference; lastKnownFileType = image.png; path = "Icon-72.png"; sourceTree = "<group>"; };
		566B383D15BC16C70026821C /* Icon-Small-50.png */ = {isa = PBXFileReference; lastKnownFileType = image.png; path = "Icon-Small-50.png"; sourceTree = "<group>"; };
		566B383E15BC16C70026821C /* Icon-Small.png */ = {isa = PBXFileReference; lastKnownFileType = image.png; path = "Icon-Small.png"; sourceTree = "<group>"; };
		566B383F15BC16C70026821C /* Icon-Small@2x.png */ = {isa = PBXFileReference; lastKnownFileType = image.png; path = "Icon-Small@2x.png"; sourceTree = "<group>"; };
		566B384015BC16C70026821C /* Icon.png */ = {isa = PBXFileReference; lastKnownFileType = image.png; path = Icon.png; sourceTree = "<group>"; };
		566B384115BC16C70026821C /* Icon@2x.png */ = {isa = PBXFileReference; lastKnownFileType = image.png; path = "Icon@2x.png"; sourceTree = "<group>"; };
		566B384215BC16C70026821C /* iTunesArtwork */ = {isa = PBXFileReference; lastKnownFileType = file; path = iTunesArtwork; sourceTree = "<group>"; };
		566B384415BC16C70026821C /* Note.png */ = {isa = PBXFileReference; lastKnownFileType = image.png; path = Note.png; sourceTree = "<group>"; };
		566B384515BC16C70026821C /* Note@2x.png */ = {isa = PBXFileReference; lastKnownFileType = image.png; path = "Note@2x.png"; sourceTree = "<group>"; };
		566B384615BC16C70026821C /* Packet.png */ = {isa = PBXFileReference; lastKnownFileType = image.png; path = Packet.png; sourceTree = "<group>"; };
		566B384715BC16C70026821C /* Packet@2x.png */ = {isa = PBXFileReference; lastKnownFileType = image.png; path = "Packet@2x.png"; sourceTree = "<group>"; };
		566B384815BC16C70026821C /* Savings.png */ = {isa = PBXFileReference; lastKnownFileType = image.png; path = Savings.png; sourceTree = "<group>"; };
		566B384915BC16C70026821C /* Savings@2x.png */ = {isa = PBXFileReference; lastKnownFileType = image.png; path = "Savings@2x.png"; sourceTree = "<group>"; };
		566B384A15BC16C80026821C /* SmokingCell.png */ = {isa = PBXFileReference; lastKnownFileType = image.png; path = SmokingCell.png; sourceTree = "<group>"; };
		566B384B15BC16C80026821C /* SmokingCell@2x.png */ = {isa = PBXFileReference; lastKnownFileType = image.png; path = "SmokingCell@2x.png"; sourceTree = "<group>"; };
		566B384C15BC16C80026821C /* TabIconCounter.png */ = {isa = PBXFileReference; lastKnownFileType = image.png; path = TabIconCounter.png; sourceTree = "<group>"; };
		566B384D15BC16C80026821C /* TabIconCounter@2x.png */ = {isa = PBXFileReference; lastKnownFileType = image.png; path = "TabIconCounter@2x.png"; sourceTree = "<group>"; };
		566B384E15BC16C80026821C /* TabIconHealth.png */ = {isa = PBXFileReference; lastKnownFileType = image.png; path = TabIconHealth.png; sourceTree = "<group>"; };
		566B384F15BC16C80026821C /* TabIconHealth@2x.png */ = {isa = PBXFileReference; lastKnownFileType = image.png; path = "TabIconHealth@2x.png"; sourceTree = "<group>"; };
		566B385015BC16C80026821C /* TabIconSavings.png */ = {isa = PBXFileReference; lastKnownFileType = image.png; path = TabIconSavings.png; sourceTree = "<group>"; };
		566B385115BC16C80026821C /* TabIconSavings@2x.png */ = {isa = PBXFileReference; lastKnownFileType = image.png; path = "TabIconSavings@2x.png"; sourceTree = "<group>"; };
		566B385215BC16C80026821C /* TabIconSettings.png */ = {isa = PBXFileReference; lastKnownFileType = image.png; path = TabIconSettings.png; sourceTree = "<group>"; };
		566B385315BC16C80026821C /* TabIconSettings@2x.png */ = {isa = PBXFileReference; lastKnownFileType = image.png; path = "TabIconSettings@2x.png"; sourceTree = "<group>"; };
		566B385415BC16C80026821C /* Tinkle.m4a */ = {isa = PBXFileReference; lastKnownFileType = file; path = Tinkle.m4a; sourceTree = "<group>"; };
		566B385515BC16C80026821C /* TitleAbout.png */ = {isa = PBXFileReference; lastKnownFileType = image.png; path = TitleAbout.png; sourceTree = "<group>"; };
		566B385615BC16C80026821C /* TitleAbout@2x.png */ = {isa = PBXFileReference; lastKnownFileType = image.png; path = "TitleAbout@2x.png"; sourceTree = "<group>"; };
		566B38B615BC19210026821C /* Appirater.h */ = {isa = PBXFileReference; fileEncoding = 4; lastKnownFileType = sourcecode.c.h; path = Appirater.h; sourceTree = "<group>"; };
		566B38B715BC19210026821C /* Appirater.m */ = {isa = PBXFileReference; fileEncoding = 4; lastKnownFileType = sourcecode.c.objc; path = Appirater.m; sourceTree = "<group>"; };
		566B38B915BC19210026821C /* MBProgressHUD.h */ = {isa = PBXFileReference; fileEncoding = 4; lastKnownFileType = sourcecode.c.h; path = MBProgressHUD.h; sourceTree = "<group>"; };
		566B38BA15BC19210026821C /* MBProgressHUD.m */ = {isa = PBXFileReference; fileEncoding = 4; lastKnownFileType = sourcecode.c.objc; path = MBProgressHUD.m; sourceTree = "<group>"; };
		5683F272132ED18100C733AC /* AVFoundation.framework */ = {isa = PBXFileReference; lastKnownFileType = wrapper.framework; name = AVFoundation.framework; path = System/Library/Frameworks/AVFoundation.framework; sourceTree = SDKROOT; };
		56B0C25F15D6E38B00A7538D /* Icon-72@2x.png */ = {isa = PBXFileReference; lastKnownFileType = image.png; path = "Icon-72@2x.png"; sourceTree = "<group>"; };
		56B0C26015D6E38B00A7538D /* Icon-Small-50@2x.png */ = {isa = PBXFileReference; lastKnownFileType = image.png; path = "Icon-Small-50@2x.png"; sourceTree = "<group>"; };
		56B0C26315D6E3A000A7538D /* iTunesArtwork@2x */ = {isa = PBXFileReference; lastKnownFileType = file; path = "iTunesArtwork@2x"; sourceTree = "<group>"; };
		56B42BCF1606772500BCF224 /* BackgroundPattern@2x.png */ = {isa = PBXFileReference; lastKnownFileType = image.png; path = "BackgroundPattern@2x.png"; sourceTree = "<group>"; };
		56B42BD11606776400BCF224 /* BackgroundPattern.png */ = {isa = PBXFileReference; lastKnownFileType = image.png; path = BackgroundPattern.png; sourceTree = "<group>"; };
		56E4E6DB130F295300BA743C /* QuartzCore.framework */ = {isa = PBXFileReference; lastKnownFileType = wrapper.framework; name = QuartzCore.framework; path = System/Library/Frameworks/QuartzCore.framework; sourceTree = SDKROOT; };
		56F52C5A15185FAC007D838C /* Twitter.framework */ = {isa = PBXFileReference; lastKnownFileType = wrapper.framework; name = Twitter.framework; path = System/Library/Frameworks/Twitter.framework; sourceTree = SDKROOT; };
/* End PBXFileReference section */

/* Begin PBXFrameworksBuildPhase section */
		1D60588F0D05DD3D006BFB54 /* Frameworks */ = {
			isa = PBXFrameworksBuildPhase;
			buildActionMask = 2147483647;
			files = (
				56F52C5B15185FAD007D838C /* Twitter.framework in Frameworks */,
				56565A541390E8240087E5C4 /* SystemConfiguration.framework in Frameworks */,
				56565A521390E8160087E5C4 /* CFNetwork.framework in Frameworks */,
				5683F273132ED18100C733AC /* AVFoundation.framework in Frameworks */,
				1D60589F0D05DD5A006BFB54 /* Foundation.framework in Frameworks */,
				1DF5F4E00D08C38300B7A737 /* UIKit.framework in Frameworks */,
				288765080DF74369002DB57D /* CoreGraphics.framework in Frameworks */,
				560DCAB012EBB7DB0023BD7F /* MessageUI.framework in Frameworks */,
				56E4E6DC130F295300BA743C /* QuartzCore.framework in Frameworks */,
			);
			runOnlyForDeploymentPostprocessing = 0;
		};
/* End PBXFrameworksBuildPhase section */

/* Begin PBXGroup section */
		19C28FACFE9D520D11CA2CBB /* Products */ = {
			isa = PBXGroup;
			children = (
				1D6058910D05DD3D006BFB54 /* Smokeless.app */,
			);
			name = Products;
			sourceTree = "<group>";
		};
		29B97314FDCFA39411CA2CEA /* Smokeless */ = {
			isa = PBXGroup;
			children = (
				566B372815BBFE1E0026821C /* Smokeless */,
				566B38B415BC19200026821C /* Libraries */,
				29B97323FDCFA39411CA2CEA /* Frameworks */,
				19C28FACFE9D520D11CA2CBB /* Products */,
			);
			name = Smokeless;
			sourceTree = "<group>";
		};
		29B97323FDCFA39411CA2CEA /* Frameworks */ = {
			isa = PBXGroup;
			children = (
				56565A531390E8240087E5C4 /* SystemConfiguration.framework */,
				56565A511390E8160087E5C4 /* CFNetwork.framework */,
				1DF5F4DF0D08C38300B7A737 /* UIKit.framework */,
				1D30AB110D05D00D00671497 /* Foundation.framework */,
				288765070DF74369002DB57D /* CoreGraphics.framework */,
				56E4E6DB130F295300BA743C /* QuartzCore.framework */,
				560DCAAF12EBB7DB0023BD7F /* MessageUI.framework */,
				5683F272132ED18100C733AC /* AVFoundation.framework */,
				56F52C5A15185FAC007D838C /* Twitter.framework */,
			);
			name = Frameworks;
			sourceTree = "<group>";
		};
		566B372815BBFE1E0026821C /* Smokeless */ = {
			isa = PBXGroup;
			children = (
				566B378415BC00050026821C /* Models */,
				566B378515BC00130026821C /* Views */,
				566B378215BBFFAD0026821C /* Controllers */,
				566B378615BC00300026821C /* Delegates */,
				566B378315BBFFF10026821C /* Singletons */,
				566B374115BBFE1F0026821C /* MPCell.h */,
				566B374215BBFE1F0026821C /* MPCell.m */,
				566B374315BBFE1F0026821C /* MPDefines.h */,
				566B374415BBFE1F0026821C /* MPDisclosureIndicator.h */,
				566B374515BBFE1F0026821C /* MPDisclosureIndicator.m */,
				566B374615BBFE1F0026821C /* MPGraphics.h */,
				566B374715BBFE1F0026821C /* MPGraphics.m */,
				566B374815BBFE1F0026821C /* MPTableViewCell.h */,
				566B374915BBFE1F0026821C /* MPTableViewCell.m */,
				566B374A15BBFE1F0026821C /* MPToolkit.h */,
				566B378115BBFE670026821C /* Supporting Files */,
				566B38B115BC17CA0026821C /* Images */,
				566B38B315BC18760026821C /* Misc */,
				566B38B215BC180B0026821C /* Icons */,
			);
			path = Smokeless;
			sourceTree = "<group>";
		};
		566B378115BBFE670026821C /* Supporting Files */ = {
			isa = PBXGroup;
			children = (
				566B37C915BC02430026821C /* Localizable.strings */,
				566B374015BBFE1F0026821C /* main.m */,
				566B378715BC00BB0026821C /* Smokeless-Info.plist */,
				566B375D15BBFE1F0026821C /* Smokeless_Prefix.pch */,
			);
			name = "Supporting Files";
			sourceTree = "<group>";
		};
		566B378215BBFFAD0026821C /* Controllers */ = {
			isa = PBXGroup;
			children = (
				566B372915BBFE1F0026821C /* AboutViewController.h */,
				566B372A15BBFE1F0026821C /* AboutViewController.m */,
				566B372D15BBFE1F0026821C /* AchievementsViewController.h */,
				566B372E15BBFE1F0026821C /* AchievementsViewController.m */,
				566B372F15BBFE1F0026821C /* AchievementsViewController.xib */,
				566B373415BBFE1F0026821C /* CounterViewController.h */,
				566B373515BBFE1F0026821C /* CounterViewController.m */,
				566B373615BBFE1F0026821C /* CreditsViewController.h */,
				566B373715BBFE1F0026821C /* CreditsViewController.m */,
				566B373A15BBFE1F0026821C /* HabitsCellController.h */,
				566B373B15BBFE1F0026821C /* HabitsCellController.m */,
				566B373E15BBFE1F0026821C /* LastCigaretteController.h */,
				566B373F15BBFE1F0026821C /* LastCigaretteController.m */,
				566B374F15BBFE1F0026821C /* PriceCellController.h */,
				566B375015BBFE1F0026821C /* PriceCellController.m */,
				566B375115BBFE1F0026821C /* SavingsSettingsController.h */,
				566B375215BBFE1F0026821C /* SavingsSettingsController.m */,
				566B375315BBFE1F0026821C /* SavingsViewController.h */,
				566B375415BBFE1F0026821C /* SavingsViewController.m */,
				566B375515BBFE1F0026821C /* SettingCellController.h */,
				566B375615BBFE1F0026821C /* SettingCellController.m */,
				566B375715BBFE1F0026821C /* SettingsViewController.h */,
				566B375815BBFE1F0026821C /* SettingsViewController.m */,
				566B375915BBFE1F0026821C /* ShadowCellController.h */,
				566B375A15BBFE1F0026821C /* ShadowCellController.m */,
				566B375B15BBFE1F0026821C /* SizeCellController.h */,
				566B375C15BBFE1F0026821C /* SizeCellController.m */,
				566B376215BBFE1F0026821C /* TwitterViewController.h */,
				566B376315BBFE1F0026821C /* TwitterViewController.m */,
			);
			name = Controllers;
			sourceTree = "<group>";
		};
		566B378315BBFFF10026821C /* Singletons */ = {
			isa = PBXGroup;
			children = (
				566B374D15BBFE1F0026821C /* PreferencesManager.h */,
				566B374E15BBFE1F0026821C /* PreferencesManager.m */,
			);
			name = Singletons;
			sourceTree = "<group>";
		};
		566B378415BC00050026821C /* Models */ = {
			isa = PBXGroup;
			children = (
				566B372B15BBFE1F0026821C /* Achievement.h */,
				566B372C15BBFE1F0026821C /* Achievement.m */,
			);
			name = Models;
			sourceTree = "<group>";
		};
		566B378515BC00130026821C /* Views */ = {
			isa = PBXGroup;
			children = (
				566B376015BBFE1F0026821C /* SmokingCellBackgroundView.h */,
				566B376115BBFE1F0026821C /* SmokingCellBackgroundView.m */,
				566B373015BBFE1F0026821C /* CalendarView.h */,
				566B373115BBFE1F0026821C /* CalendarView.m */,
				566B373215BBFE1F0026821C /* ChalkboardView.h */,
				566B373315BBFE1F0026821C /* ChalkboardView.m */,
				566B373815BBFE1F0026821C /* DisplayView.h */,
				566B373915BBFE1F0026821C /* DisplayView.m */,
				566B373C15BBFE1F0026821C /* HealthTableView.h */,
				566B373D15BBFE1F0026821C /* HealthTableView.m */,
				566B374B15BBFE1F0026821C /* NoteView.h */,
				566B374C15BBFE1F0026821C /* NoteView.m */,
			);
			name = Views;
			sourceTree = "<group>";
		};
		566B378615BC00300026821C /* Delegates */ = {
			isa = PBXGroup;
			children = (
				566B375E15BBFE1F0026821C /* SmokelessAppDelegate.h */,
				566B375F15BBFE1F0026821C /* SmokelessAppDelegate.m */,
			);
			name = Delegates;
			sourceTree = "<group>";
		};
		566B38B115BC17CA0026821C /* Images */ = {
			isa = PBXGroup;
			children = (
				566B37FD15BC16C20026821C /* AchievementCompleted.png */,
				566B37FE15BC16C30026821C /* AchievementCompleted@2x.png */,
				566B37FF15BC16C30026821C /* AchievementPending0.png */,
				566B380015BC16C30026821C /* AchievementPending0@2x.png */,
				566B380115BC16C30026821C /* AchievementPending1.png */,
				566B380215BC16C30026821C /* AchievementPending1@2x.png */,
				566B380315BC16C30026821C /* AchievementPending2.png */,
				566B380415BC16C30026821C /* AchievementPending2@2x.png */,
				566B380515BC16C30026821C /* AchievementPending3.png */,
				566B380615BC16C30026821C /* AchievementPending3@2x.png */,
				566B380715BC16C40026821C /* AchievementPending4.png */,
				566B380815BC16C40026821C /* AchievementPending4@2x.png */,
				566B380915BC16C40026821C /* AchievementPending5.png */,
				566B380A15BC16C40026821C /* AchievementPending5@2x.png */,
				566B380B15BC16C40026821C /* AchievementPending6.png */,
				566B380C15BC16C40026821C /* AchievementPending6@2x.png */,
				566B380D15BC16C40026821C /* AchievementPending7.png */,
				566B380E15BC16C40026821C /* AchievementPending7@2x.png */,
				566B380F15BC16C40026821C /* AchievementWaiting.png */,
				566B381015BC16C40026821C /* AchievementWaiting@2x.png */,
				566B381115BC16C40026821C /* ArrowLeft.png */,
				566B381215BC16C40026821C /* ArrowLeft@2x.png */,
				56B42BD11606776400BCF224 /* BackgroundPattern.png */,
				56B42BCF1606772500BCF224 /* BackgroundPattern@2x.png */,
				566B381515BC16C50026821C /* ButtonCalcNormal.png */,
				566B381615BC16C50026821C /* ButtonCalcNormal@2x.png */,
				566B381715BC16C50026821C /* ButtonCancelNormal.png */,
				566B381815BC16C50026821C /* ButtonCancelNormal@2x.png */,
				566B381915BC16C50026821C /* ButtonEditNormal.png */,
				566B381A15BC16C50026821C /* ButtonEditNormal@2x.png */,
				566B381B15BC16C50026821C /* ButtonEditPressed.png */,
				566B381C15BC16C50026821C /* ButtonEditPressed@2x.png */,
				566B381D15BC16C50026821C /* ButtonNextNormal.png */,
				566B381E15BC16C50026821C /* ButtonNextNormal@2x.png */,
				566B381F15BC16C50026821C /* ButtonNextPressed.png */,
				566B382015BC16C60026821C /* ButtonNextPressed@2x.png */,
				566B382115BC16C60026821C /* ButtonPrevNormal.png */,
				566B382215BC16C60026821C /* ButtonPrevNormal@2x.png */,
				566B382315BC16C60026821C /* ButtonPrevPressed.png */,
				566B382415BC16C60026821C /* ButtonPrevPressed@2x.png */,
				566B382515BC16C60026821C /* ButtonSaveNormal.png */,
				566B382615BC16C60026821C /* ButtonSaveNormal@2x.png */,
				566B382715BC16C60026821C /* ButtonToolsNormal.png */,
				566B382815BC16C60026821C /* ButtonToolsNormal@2x.png */,
				566B382915BC16C60026821C /* ButtonToolsPressed.png */,
				566B382A15BC16C60026821C /* ButtonToolsPressed@2x.png */,
				566B382B15BC16C60026821C /* ButtonTweetNormal.png */,
				566B382C15BC16C60026821C /* ButtonTweetNormal@2x.png */,
				566B382D15BC16C60026821C /* ButtonTweetPressed.png */,
				566B382E15BC16C60026821C /* ButtonTweetPressed@2x.png */,
				566B382F15BC16C60026821C /* Calendar.png */,
				566B383015BC16C60026821C /* Calendar@2x.png */,
				566B383115BC16C70026821C /* Chalkboard.png */,
				566B383215BC16C70026821C /* Chalkboard@2x.png */,
				566B383415BC16C70026821C /* Default.png */,
				566B383515BC16C70026821C /* Default@2x.png */,
				5648488316066CD700E891E6 /* Default-568h@2x.png */,
				566B383615BC16C70026821C /* HealthTableViewCell_completed.png */,
				566B383715BC16C70026821C /* HealthTableViewCell_completed@2x.png */,
				566B383815BC16C70026821C /* HealthTableViewCell_next.png */,
				566B383915BC16C70026821C /* HealthTableViewCell_next@2x.png */,
				566B383A15BC16C70026821C /* HealthTableViewCell_waiting.png */,
				566B383B15BC16C70026821C /* HealthTableViewCell_waiting@2x.png */,
				566B384415BC16C70026821C /* Note.png */,
				566B384515BC16C70026821C /* Note@2x.png */,
				566B384615BC16C70026821C /* Packet.png */,
				566B384715BC16C70026821C /* Packet@2x.png */,
				566B384815BC16C70026821C /* Savings.png */,
				566B384915BC16C70026821C /* Savings@2x.png */,
				566B384A15BC16C80026821C /* SmokingCell.png */,
				566B384B15BC16C80026821C /* SmokingCell@2x.png */,
				566B384C15BC16C80026821C /* TabIconCounter.png */,
				566B384D15BC16C80026821C /* TabIconCounter@2x.png */,
				566B384E15BC16C80026821C /* TabIconHealth.png */,
				566B384F15BC16C80026821C /* TabIconHealth@2x.png */,
				566B385015BC16C80026821C /* TabIconSavings.png */,
				566B385115BC16C80026821C /* TabIconSavings@2x.png */,
				566B385215BC16C80026821C /* TabIconSettings.png */,
				566B385315BC16C80026821C /* TabIconSettings@2x.png */,
				566B385515BC16C80026821C /* TitleAbout.png */,
				566B385615BC16C80026821C /* TitleAbout@2x.png */,
				566B37CB15BC02430026821C /* TitleCalendar.png */,
				566B37CD15BC02430026821C /* TitleCalendar@2x.png */,
				566B37CF15BC02430026821C /* TitleChalkboard.png */,
				566B37D115BC02430026821C /* TitleChalkboard@2x.png */,
			);
			name = Images;
			sourceTree = "<group>";
		};
		566B38B215BC180B0026821C /* Icons */ = {
			isa = PBXGroup;
			children = (
				566B383C15BC16C70026821C /* Icon-72.png */,
				56B0C25F15D6E38B00A7538D /* Icon-72@2x.png */,
				566B383D15BC16C70026821C /* Icon-Small-50.png */,
				56B0C26015D6E38B00A7538D /* Icon-Small-50@2x.png */,
				566B383E15BC16C70026821C /* Icon-Small.png */,
				566B383F15BC16C70026821C /* Icon-Small@2x.png */,
				566B384015BC16C70026821C /* Icon.png */,
				566B384115BC16C70026821C /* Icon@2x.png */,
				566B384215BC16C70026821C /* iTunesArtwork */,
				56B0C26315D6E3A000A7538D /* iTunesArtwork@2x */,
			);
			name = Icons;
			sourceTree = "<group>";
		};
		566B38B315BC18760026821C /* Misc */ = {
			isa = PBXGroup;
			children = (
				566B383315BC16C70026821C /* Chalkduster.ttf */,
				566B385415BC16C80026821C /* Tinkle.m4a */,
			);
			name = Misc;
			sourceTree = "<group>";
		};
		566B38B415BC19200026821C /* Libraries */ = {
			isa = PBXGroup;
			children = (
				566B38B515BC19210026821C /* Appirater */,
				566B38B815BC19210026821C /* MBProgressHUD */,
			);
			path = Libraries;
			sourceTree = "<group>";
		};
		566B38B515BC19210026821C /* Appirater */ = {
			isa = PBXGroup;
			children = (
				566B38B615BC19210026821C /* Appirater.h */,
				566B38B715BC19210026821C /* Appirater.m */,
			);
			path = Appirater;
			sourceTree = "<group>";
		};
		566B38B815BC19210026821C /* MBProgressHUD */ = {
			isa = PBXGroup;
			children = (
				566B38B915BC19210026821C /* MBProgressHUD.h */,
				566B38BA15BC19210026821C /* MBProgressHUD.m */,
			);
			path = MBProgressHUD;
			sourceTree = "<group>";
		};
/* End PBXGroup section */

/* Begin PBXNativeTarget section */
		1D6058900D05DD3D006BFB54 /* Smokeless */ = {
			isa = PBXNativeTarget;
			buildConfigurationList = 1D6058960D05DD3E006BFB54 /* Build configuration list for PBXNativeTarget "Smokeless" */;
			buildPhases = (
				56FFF6531517E8C6005951C3 /* ShellScript */,
				1D60588D0D05DD3D006BFB54 /* Resources */,
				1D60588E0D05DD3D006BFB54 /* Sources */,
				1D60588F0D05DD3D006BFB54 /* Frameworks */,
			);
			buildRules = (
			);
			dependencies = (
			);
			name = Smokeless;
			productName = Smokeless;
			productReference = 1D6058910D05DD3D006BFB54 /* Smokeless.app */;
			productType = "com.apple.product-type.application";
		};
/* End PBXNativeTarget section */

/* Begin PBXProject section */
		29B97313FDCFA39411CA2CEA /* Project object */ = {
			isa = PBXProject;
			attributes = {
				LastUpgradeCheck = 0450;
				ORGANIZATIONNAME = "Massimo Peri";
			};
			buildConfigurationList = C01FCF4E08A954540054247B /* Build configuration list for PBXProject "Smokeless" */;
			compatibilityVersion = "Xcode 3.2";
			developmentRegion = English;
			hasScannedForEncodings = 1;
			knownRegions = (
				English,
				Japanese,
				French,
				German,
				en,
				it,
				es,
				de,
			);
			mainGroup = 29B97314FDCFA39411CA2CEA /* Smokeless */;
			projectDirPath = "";
			projectRoot = "";
			targets = (
				1D6058900D05DD3D006BFB54 /* Smokeless */,
			);
		};
/* End PBXProject section */

/* Begin PBXResourcesBuildPhase section */
		1D60588D0D05DD3D006BFB54 /* Resources */ = {
			isa = PBXResourcesBuildPhase;
			buildActionMask = 2147483647;
			files = (
				566B376715BBFE1F0026821C /* AchievementsViewController.xib in Resources */,
				566B37F815BC137B0026821C /* Localizable.strings in Resources */,
				566B37F915BC137B0026821C /* TitleCalendar.png in Resources */,
				566B37FA15BC137B0026821C /* TitleCalendar@2x.png in Resources */,
				566B37FB15BC137B0026821C /* TitleChalkboard.png in Resources */,
				566B37FC15BC137B0026821C /* TitleChalkboard@2x.png in Resources */,
				566B385715BC16C80026821C /* AchievementCompleted.png in Resources */,
				566B385815BC16C80026821C /* AchievementCompleted@2x.png in Resources */,
				566B385915BC16C80026821C /* AchievementPending0.png in Resources */,
				566B385A15BC16C80026821C /* AchievementPending0@2x.png in Resources */,
				566B385B15BC16C80026821C /* AchievementPending1.png in Resources */,
				566B385C15BC16C80026821C /* AchievementPending1@2x.png in Resources */,
				566B385D15BC16C80026821C /* AchievementPending2.png in Resources */,
				566B385E15BC16C80026821C /* AchievementPending2@2x.png in Resources */,
				566B385F15BC16C80026821C /* AchievementPending3.png in Resources */,
				566B386015BC16C80026821C /* AchievementPending3@2x.png in Resources */,
				566B386115BC16C80026821C /* AchievementPending4.png in Resources */,
				566B386215BC16C80026821C /* AchievementPending4@2x.png in Resources */,
				566B386315BC16C80026821C /* AchievementPending5.png in Resources */,
				566B386415BC16C80026821C /* AchievementPending5@2x.png in Resources */,
				566B386515BC16C80026821C /* AchievementPending6.png in Resources */,
				566B386615BC16C80026821C /* AchievementPending6@2x.png in Resources */,
				566B386715BC16C80026821C /* AchievementPending7.png in Resources */,
				566B386815BC16C80026821C /* AchievementPending7@2x.png in Resources */,
				566B386915BC16C80026821C /* AchievementWaiting.png in Resources */,
				566B386A15BC16C80026821C /* AchievementWaiting@2x.png in Resources */,
				566B386B15BC16C80026821C /* ArrowLeft.png in Resources */,
				566B386C15BC16C80026821C /* ArrowLeft@2x.png in Resources */,
				566B386F15BC16C80026821C /* ButtonCalcNormal.png in Resources */,
				566B387015BC16C80026821C /* ButtonCalcNormal@2x.png in Resources */,
				566B387115BC16C80026821C /* ButtonCancelNormal.png in Resources */,
				566B387215BC16C80026821C /* ButtonCancelNormal@2x.png in Resources */,
				566B387315BC16C80026821C /* ButtonEditNormal.png in Resources */,
				566B387415BC16C80026821C /* ButtonEditNormal@2x.png in Resources */,
				566B387515BC16C80026821C /* ButtonEditPressed.png in Resources */,
				566B387615BC16C80026821C /* ButtonEditPressed@2x.png in Resources */,
				566B387715BC16C80026821C /* ButtonNextNormal.png in Resources */,
				566B387815BC16C80026821C /* ButtonNextNormal@2x.png in Resources */,
				566B387915BC16C80026821C /* ButtonNextPressed.png in Resources */,
				566B387A15BC16C80026821C /* ButtonNextPressed@2x.png in Resources */,
				566B387B15BC16C80026821C /* ButtonPrevNormal.png in Resources */,
				566B387C15BC16C80026821C /* ButtonPrevNormal@2x.png in Resources */,
				566B387D15BC16C80026821C /* ButtonPrevPressed.png in Resources */,
				566B387E15BC16C80026821C /* ButtonPrevPressed@2x.png in Resources */,
				566B387F15BC16C80026821C /* ButtonSaveNormal.png in Resources */,
				566B388015BC16C80026821C /* ButtonSaveNormal@2x.png in Resources */,
				566B388115BC16C80026821C /* ButtonToolsNormal.png in Resources */,
				566B388215BC16C80026821C /* ButtonToolsNormal@2x.png in Resources */,
				566B388315BC16C80026821C /* ButtonToolsPressed.png in Resources */,
				566B388415BC16C80026821C /* ButtonToolsPressed@2x.png in Resources */,
				566B388515BC16C80026821C /* ButtonTweetNormal.png in Resources */,
				566B388615BC16C80026821C /* ButtonTweetNormal@2x.png in Resources */,
				566B388715BC16C80026821C /* ButtonTweetPressed.png in Resources */,
				566B388815BC16C80026821C /* ButtonTweetPressed@2x.png in Resources */,
				566B388915BC16C80026821C /* Calendar.png in Resources */,
				566B388A15BC16C80026821C /* Calendar@2x.png in Resources */,
				566B388B15BC16C80026821C /* Chalkboard.png in Resources */,
				566B388C15BC16C80026821C /* Chalkboard@2x.png in Resources */,
				566B388D15BC16C80026821C /* Chalkduster.ttf in Resources */,
				566B388E15BC16C80026821C /* Default.png in Resources */,
				566B388F15BC16C80026821C /* Default@2x.png in Resources */,
				566B389015BC16C80026821C /* HealthTableViewCell_completed.png in Resources */,
				566B389115BC16C80026821C /* HealthTableViewCell_completed@2x.png in Resources */,
				566B389215BC16C80026821C /* HealthTableViewCell_next.png in Resources */,
				566B389315BC16C80026821C /* HealthTableViewCell_next@2x.png in Resources */,
				566B389415BC16C80026821C /* HealthTableViewCell_waiting.png in Resources */,
				566B389515BC16C80026821C /* HealthTableViewCell_waiting@2x.png in Resources */,
				566B389615BC16C80026821C /* Icon-72.png in Resources */,
				56B0C26115D6E38B00A7538D /* Icon-72@2x.png in Resources */,
				566B389715BC16C80026821C /* Icon-Small-50.png in Resources */,
				56B0C26215D6E38B00A7538D /* Icon-Small-50@2x.png in Resources */,
				566B389815BC16C80026821C /* Icon-Small.png in Resources */,
				566B389915BC16C80026821C /* Icon-Small@2x.png in Resources */,
				566B389A15BC16C80026821C /* Icon.png in Resources */,
				566B389B15BC16C80026821C /* Icon@2x.png in Resources */,
				566B389C15BC16C80026821C /* iTunesArtwork in Resources */,
				56B0C26415D6E3A000A7538D /* iTunesArtwork@2x in Resources */,
				566B389E15BC16C80026821C /* Note.png in Resources */,
				566B389F15BC16C80026821C /* Note@2x.png in Resources */,
				566B38A015BC16C80026821C /* Packet.png in Resources */,
				566B38A115BC16C80026821C /* Packet@2x.png in Resources */,
				566B38A215BC16C80026821C /* Savings.png in Resources */,
				566B38A315BC16C80026821C /* Savings@2x.png in Resources */,
				566B38A415BC16C80026821C /* SmokingCell.png in Resources */,
				566B38A515BC16C80026821C /* SmokingCell@2x.png in Resources */,
				566B38A615BC16C80026821C /* TabIconCounter.png in Resources */,
				566B38A715BC16C80026821C /* TabIconCounter@2x.png in Resources */,
				566B38A815BC16C80026821C /* TabIconHealth.png in Resources */,
				566B38A915BC16C80026821C /* TabIconHealth@2x.png in Resources */,
				566B38AA15BC16C80026821C /* TabIconSavings.png in Resources */,
				566B38AB15BC16C80026821C /* TabIconSavings@2x.png in Resources */,
				566B38AC15BC16C80026821C /* TabIconSettings.png in Resources */,
				566B38AD15BC16C80026821C /* TabIconSettings@2x.png in Resources */,
				566B38AE15BC16C80026821C /* Tinkle.m4a in Resources */,
				566B38AF15BC16C80026821C /* TitleAbout.png in Resources */,
				566B38B015BC16C80026821C /* TitleAbout@2x.png in Resources */,
				5648488416066CD700E891E6 /* Default-568h@2x.png in Resources */,
				56B42BD01606772500BCF224 /* BackgroundPattern@2x.png in Resources */,
				56B42BD21606776400BCF224 /* BackgroundPattern.png in Resources */,
			);
			runOnlyForDeploymentPostprocessing = 0;
		};
/* End PBXResourcesBuildPhase section */

/* Begin PBXShellScriptBuildPhase section */
		56FFF6531517E8C6005951C3 /* ShellScript */ = {
			isa = PBXShellScriptBuildPhase;
			buildActionMask = 2147483647;
			files = (
			);
			inputPaths = (
			);
			outputPaths = (
			);
			runOnlyForDeploymentPostprocessing = 0;
			shellPath = /bin/sh;
			shellScript = "ICONS_DEB_DIR=${SRCROOT}/Icons/Debug\nICONS_REL_DIR=${SRCROOT}/Icons/Release\nRESOURCES_DIR=${SRCROOT}/Smokeless\n\n# Select the source dir for icons according to the selected build configuration.\nif [ \"$CONFIGURATION\" == \"Debug\" ]; then\nICONS_SRC_DIR=${ICONS_DEB_DIR}\nelse\nICONS_SRC_DIR=${ICONS_REL_DIR}\nfi\n\n# Copy the proper resources.\ncp ${ICONS_SRC_DIR}/Icon-72.png ${RESOURCES_DIR}/Icon-72.png\ncp ${ICONS_SRC_DIR}/Icon-72@2x.png ${RESOURCES_DIR}/Icon-72@2x.png\ncp ${ICONS_SRC_DIR}/Icon-Small-50.png ${RESOURCES_DIR}/Icon-Small-50.png\ncp ${ICONS_SRC_DIR}/Icon-Small-50@2x.png ${RESOURCES_DIR}/Icon-Small-50@2x.png\ncp ${ICONS_SRC_DIR}/Icon-Small.png ${RESOURCES_DIR}/Icon-Small.png\ncp ${ICONS_SRC_DIR}/Icon-Small@2x.png ${RESOURCES_DIR}/Icon-Small@2x.png\ncp ${ICONS_SRC_DIR}/Icon.png ${RESOURCES_DIR}/Icon.png\ncp ${ICONS_SRC_DIR}/Icon@2x.png ${RESOURCES_DIR}/Icon@2x.png\ncp ${ICONS_SRC_DIR}/iTunesArtwork.png ${RESOURCES_DIR}/iTunesArtwork\ncp ${ICONS_SRC_DIR}/iTunesArtwork@2x.png ${RESOURCES_DIR}/iTunesArtwork@2x\ncp ${ICONS_SRC_DIR}/Default.png ${RESOURCES_DIR}/Default.png\ncp ${ICONS_SRC_DIR}/Default@2x.png ${RESOURCES_DIR}/Default@2x.png\ncp ${ICONS_SRC_DIR}/Default-568h@2x.png ${RESOURCES_DIR}/Default-568h@2x.png";
		};
/* End PBXShellScriptBuildPhase section */

/* Begin PBXSourcesBuildPhase section */
		1D60588E0D05DD3D006BFB54 /* Sources */ = {
			isa = PBXSourcesBuildPhase;
			buildActionMask = 2147483647;
			files = (
				566B376415BBFE1F0026821C /* AboutViewController.m in Sources */,
				566B376515BBFE1F0026821C /* Achievement.m in Sources */,
				566B376615BBFE1F0026821C /* AchievementsViewController.m in Sources */,
				566B376815BBFE1F0026821C /* CalendarView.m in Sources */,
				566B376915BBFE1F0026821C /* ChalkboardView.m in Sources */,
				566B376A15BBFE1F0026821C /* CounterViewController.m in Sources */,
				566B376B15BBFE1F0026821C /* CreditsViewController.m in Sources */,
				566B376C15BBFE1F0026821C /* DisplayView.m in Sources */,
				566B376D15BBFE1F0026821C /* HabitsCellController.m in Sources */,
				566B376E15BBFE1F0026821C /* HealthTableView.m in Sources */,
				566B376F15BBFE1F0026821C /* LastCigaretteController.m in Sources */,
				566B377015BBFE1F0026821C /* main.m in Sources */,
				566B377115BBFE1F0026821C /* MPCell.m in Sources */,
				566B377215BBFE1F0026821C /* MPDisclosureIndicator.m in Sources */,
				566B377315BBFE1F0026821C /* MPGraphics.m in Sources */,
				566B377415BBFE1F0026821C /* MPTableViewCell.m in Sources */,
				566B377515BBFE1F0026821C /* NoteView.m in Sources */,
				566B377615BBFE1F0026821C /* PreferencesManager.m in Sources */,
				566B377715BBFE1F0026821C /* PriceCellController.m in Sources */,
				566B377815BBFE1F0026821C /* SavingsSettingsController.m in Sources */,
				566B377915BBFE1F0026821C /* SavingsViewController.m in Sources */,
				566B377A15BBFE1F0026821C /* SettingCellController.m in Sources */,
				566B377B15BBFE1F0026821C /* SettingsViewController.m in Sources */,
				566B377C15BBFE1F0026821C /* ShadowCellController.m in Sources */,
				566B377D15BBFE1F0026821C /* SizeCellController.m in Sources */,
				566B377E15BBFE1F0026821C /* SmokelessAppDelegate.m in Sources */,
				566B377F15BBFE1F0026821C /* SmokingCellBackgroundView.m in Sources */,
				566B378015BBFE1F0026821C /* TwitterViewController.m in Sources */,
				566B38BB15BC19210026821C /* Appirater.m in Sources */,
				566B38BC15BC19210026821C /* MBProgressHUD.m in Sources */,
			);
			runOnlyForDeploymentPostprocessing = 0;
		};
/* End PBXSourcesBuildPhase section */

/* Begin PBXVariantGroup section */
		566B37C915BC02430026821C /* Localizable.strings */ = {
			isa = PBXVariantGroup;
			children = (
				566B37CA15BC02430026821C /* de */,
				566B37D815BC02560026821C /* en */,
				566B37E215BC02640026821C /* es */,
				566B37EC15BC02740026821C /* it */,
			);
			name = Localizable.strings;
			sourceTree = "<group>";
		};
		566B37CB15BC02430026821C /* TitleCalendar.png */ = {
			isa = PBXVariantGroup;
			children = (
				566B37CC15BC02430026821C /* de */,
				566B37D915BC02560026821C /* en */,
				566B37E315BC02640026821C /* es */,
				566B37ED15BC02740026821C /* it */,
			);
			name = TitleCalendar.png;
			sourceTree = "<group>";
		};
		566B37CD15BC02430026821C /* TitleCalendar@2x.png */ = {
			isa = PBXVariantGroup;
			children = (
				566B37CE15BC02430026821C /* de */,
				566B37DA15BC02560026821C /* en */,
				566B37E415BC02640026821C /* es */,
				566B37EE15BC02740026821C /* it */,
			);
			name = "TitleCalendar@2x.png";
			sourceTree = "<group>";
		};
		566B37CF15BC02430026821C /* TitleChalkboard.png */ = {
			isa = PBXVariantGroup;
			children = (
				566B37D015BC02430026821C /* de */,
				566B37DB15BC02560026821C /* en */,
				566B37E515BC02640026821C /* es */,
				566B37EF15BC02740026821C /* it */,
			);
			name = TitleChalkboard.png;
			sourceTree = "<group>";
		};
		566B37D115BC02430026821C /* TitleChalkboard@2x.png */ = {
			isa = PBXVariantGroup;
			children = (
				566B37D215BC02430026821C /* de */,
				566B37DC15BC02560026821C /* en */,
				566B37E615BC02640026821C /* es */,
				566B37F015BC02740026821C /* it */,
			);
			name = "TitleChalkboard@2x.png";
			sourceTree = "<group>";
		};
/* End PBXVariantGroup section */

/* Begin XCBuildConfiguration section */
		1D6058940D05DD3E006BFB54 /* Debug */ = {
			isa = XCBuildConfiguration;
			buildSettings = {
				ALWAYS_SEARCH_USER_PATHS = NO;
				ARCHS = (
					armv6,
					"$(ARCHS_STANDARD_32_BIT)",
				);
				BUNDLE_IDENTIFIER = "com.gmail.massimoperi.Smokeless-dev";
				CLANG_ENABLE_OBJC_ARC = YES;
				"CODE_SIGN_IDENTITY[sdk=iphoneos*]" = "iPhone Developer";
				COMPRESS_PNG_FILES = NO;
				COPY_PHASE_STRIP = NO;
				GCC_DYNAMIC_NO_PIC = NO;
				GCC_OPTIMIZATION_LEVEL = 0;
				GCC_PRECOMPILE_PREFIX_HEADER = YES;
				GCC_PREFIX_HEADER = Smokeless/Smokeless_Prefix.pch;
				GCC_THUMB_SUPPORT = NO;
				INFOPLIST_FILE = "Smokeless/Smokeless-Info.plist";
				IPHONEOS_DEPLOYMENT_TARGET = 5.0;
				OTHER_CFLAGS = "-DDEBUG";
				PRODUCT_NAME = Smokeless;
				"PROVISIONING_PROFILE[sdk=iphoneos*]" = "";
				SKIP_INSTALL = NO;
			};
			name = Debug;
		};
		1D6058950D05DD3E006BFB54 /* Release */ = {
			isa = XCBuildConfiguration;
			buildSettings = {
				ALWAYS_SEARCH_USER_PATHS = NO;
				ARCHS = (
					armv6,
					"$(ARCHS_STANDARD_32_BIT)",
				);
				BUNDLE_IDENTIFIER = com.gmail.massimoperi.Smokeless;
				CLANG_ENABLE_OBJC_ARC = YES;
				COMPRESS_PNG_FILES = NO;
				COPY_PHASE_STRIP = YES;
				GCC_PRECOMPILE_PREFIX_HEADER = YES;
				GCC_PREFIX_HEADER = Smokeless/Smokeless_Prefix.pch;
				GCC_THUMB_SUPPORT = NO;
				INFOPLIST_FILE = "Smokeless/Smokeless-Info.plist";
				IPHONEOS_DEPLOYMENT_TARGET = 5.0;
				PRODUCT_NAME = Smokeless;
				SKIP_INSTALL = NO;
				VALIDATE_PRODUCT = YES;
			};
			name = Release;
		};
		C01FCF4F08A954540054247B /* Debug */ = {
			isa = XCBuildConfiguration;
			buildSettings = {
				ARCHS = "$(ARCHS_STANDARD_32_BIT)";
				CLANG_WARN_SUSPICIOUS_IMPLICIT_CONVERSION = NO;
				"CODE_SIGN_IDENTITY[sdk=iphoneos*]" = "iPhone Developer";
				CURRENT_PROJECT_VERSION = "";
				GCC_C_LANGUAGE_STANDARD = c99;
				GCC_VERSION = "";
				GCC_WARN_ABOUT_RETURN_TYPE = YES;
				GCC_WARN_UNUSED_VARIABLE = YES;
				IPHONEOS_DEPLOYMENT_TARGET = 5.0;
				ONLY_ACTIVE_ARCH = NO;
				OTHER_CFLAGS = "-DDEBUG";
				"PROVISIONING_PROFILE[sdk=iphoneos*]" = "";
				SDKROOT = iphoneos;
				VERSIONING_SYSTEM = "";
			};
			name = Debug;
		};
		C01FCF5008A954540054247B /* Release */ = {
			isa = XCBuildConfiguration;
			buildSettings = {
				ARCHS = "$(ARCHS_STANDARD_32_BIT)";
				CLANG_WARN_SUSPICIOUS_IMPLICIT_CONVERSION = NO;
				"CODE_SIGN_IDENTITY[sdk=iphoneos*]" = "iPhone Distribution";
				CURRENT_PROJECT_VERSION = "";
				GCC_C_LANGUAGE_STANDARD = c99;
				GCC_VERSION = "";
				GCC_WARN_ABOUT_RETURN_TYPE = YES;
				GCC_WARN_UNUSED_VARIABLE = YES;
				IPHONEOS_DEPLOYMENT_TARGET = 5.0;
				ONLY_ACTIVE_ARCH = NO;
				OTHER_CFLAGS = "-DNS_BLOCK_ASSERTIONS=1";
				"PROVISIONING_PROFILE[sdk=iphoneos*]" = "";
				SDKROOT = iphoneos;
				VALIDATE_PRODUCT = YES;
				VERSIONING_SYSTEM = "";
			};
			name = Release;
		};
/* End XCBuildConfiguration section */

/* Begin XCConfigurationList section */
		1D6058960D05DD3E006BFB54 /* Build configuration list for PBXNativeTarget "Smokeless" */ = {
			isa = XCConfigurationList;
			buildConfigurations = (
				1D6058940D05DD3E006BFB54 /* Debug */,
				1D6058950D05DD3E006BFB54 /* Release */,
			);
			defaultConfigurationIsVisible = 0;
			defaultConfigurationName = Release;
		};
		C01FCF4E08A954540054247B /* Build configuration list for PBXProject "Smokeless" */ = {
			isa = XCConfigurationList;
			buildConfigurations = (
				C01FCF4F08A954540054247B /* Debug */,
				C01FCF5008A954540054247B /* Release */,
			);
			defaultConfigurationIsVisible = 0;
			defaultConfigurationName = Release;
		};
/* End XCConfigurationList section */
	};
	rootObject = 29B97313FDCFA39411CA2CEA /* Project object */;
}
